// !$*UTF8*$!
{
	archiveVersion = 1;
	classes = {
	};
	objectVersion = 46;
	objects = {

/* Begin PBXBuildFile section */
		62040F3D19053D1000C5C246 /* libsqlite3.dylib in Frameworks */ = {isa = PBXBuildFile; fileRef = 62040F3C19053D1000C5C246 /* libsqlite3.dylib */; };
		62040F3F19053D7700C5C246 /* libGoogleAnalyticsServices.a in Frameworks */ = {isa = PBXBuildFile; fileRef = 62040F3E19053D7700C5C246 /* libGoogleAnalyticsServices.a */; };
		624736481905183D003B4AC9 /* UIViewController+BackButtonHandler.m in Sources */ = {isa = PBXBuildFile; fileRef = 624736471905183D003B4AC9 /* UIViewController+BackButtonHandler.m */; };
		62473653190532A1003B4AC9 /* AdSupport.framework in Frameworks */ = {isa = PBXBuildFile; fileRef = 62473652190532A1003B4AC9 /* AdSupport.framework */; };
		6607382A18E18491003EA07C /* Images.xcassets in Resources */ = {isa = PBXBuildFile; fileRef = 6607382918E18491003EA07C /* Images.xcassets */; };
		6607383118E18492003EA07C /* XCTest.framework in Frameworks */ = {isa = PBXBuildFile; fileRef = 6607383018E18492003EA07C /* XCTest.framework */; };
		6607383218E18492003EA07C /* Foundation.framework in Frameworks */ = {isa = PBXBuildFile; fileRef = 6607381118E18491003EA07C /* Foundation.framework */; };
		6607383318E18492003EA07C /* UIKit.framework in Frameworks */ = {isa = PBXBuildFile; fileRef = 6607381518E18491003EA07C /* UIKit.framework */; };
		6607383D18E18492003EA07C /* ssg_iosTests.m in Sources */ = {isa = PBXBuildFile; fileRef = 6607383C18E18492003EA07C /* ssg_iosTests.m */; };
		6609CCD518FEA5F300163FBF /* MBProgressHUD.m in Sources */ = {isa = PBXBuildFile; fileRef = 6609CCD418FEA5F300163FBF /* MBProgressHUD.m */; };
		6609CCD818FEB5F500163FBF /* DefaultLanguage.m in Sources */ = {isa = PBXBuildFile; fileRef = 6609CCD718FEB5F500163FBF /* DefaultLanguage.m */; };
		661953AD18FBE5600000586E /* LanguageViewController.m in Sources */ = {isa = PBXBuildFile; fileRef = 661953AC18FBE5600000586E /* LanguageViewController.m */; };
		661953B818FC4BAD0000586E /* Main.storyboard in Resources */ = {isa = PBXBuildFile; fileRef = 661953B718FC4BAD0000586E /* Main.storyboard */; };
		661953BB18FC4C580000586E /* MCLocalization.m in Sources */ = {isa = PBXBuildFile; fileRef = 661953BA18FC4C580000586E /* MCLocalization.m */; };
		661953BD18FC4C7A0000586E /* strings.json in Resources */ = {isa = PBXBuildFile; fileRef = 661953BC18FC4C7A0000586E /* strings.json */; };
		662AD18018EDA77E00433265 /* NSString+NSString_Extended.m in Sources */ = {isa = PBXBuildFile; fileRef = 662AD17F18EDA77E00433265 /* NSString+NSString_Extended.m */; };
		66362E7218F2E9ED00921AB2 /* SsgCommunicatorDelegate_CreateIssue.m in Sources */ = {isa = PBXBuildFile; fileRef = 66362E7118F2E9ED00921AB2 /* SsgCommunicatorDelegate_CreateIssue.m */; };
		66362E9118F322DF00921AB2 /* AFHTTPRequestOperation.m in Sources */ = {isa = PBXBuildFile; fileRef = 66362E7F18F322DE00921AB2 /* AFHTTPRequestOperation.m */; };
		66362E9218F322DF00921AB2 /* AFHTTPRequestOperationManager.m in Sources */ = {isa = PBXBuildFile; fileRef = 66362E8118F322DE00921AB2 /* AFHTTPRequestOperationManager.m */; };
		66362E9318F322DF00921AB2 /* AFHTTPSessionManager.m in Sources */ = {isa = PBXBuildFile; fileRef = 66362E8318F322DE00921AB2 /* AFHTTPSessionManager.m */; };
		66362E9418F322DF00921AB2 /* AFNetworkReachabilityManager.m in Sources */ = {isa = PBXBuildFile; fileRef = 66362E8618F322DF00921AB2 /* AFNetworkReachabilityManager.m */; };
		66362E9518F322DF00921AB2 /* AFSecurityPolicy.m in Sources */ = {isa = PBXBuildFile; fileRef = 66362E8818F322DF00921AB2 /* AFSecurityPolicy.m */; };
		66362E9618F322DF00921AB2 /* AFURLConnectionOperation.m in Sources */ = {isa = PBXBuildFile; fileRef = 66362E8A18F322DF00921AB2 /* AFURLConnectionOperation.m */; };
		66362E9718F322DF00921AB2 /* AFURLRequestSerialization.m in Sources */ = {isa = PBXBuildFile; fileRef = 66362E8C18F322DF00921AB2 /* AFURLRequestSerialization.m */; };
		66362E9818F322DF00921AB2 /* AFURLResponseSerialization.m in Sources */ = {isa = PBXBuildFile; fileRef = 66362E8E18F322DF00921AB2 /* AFURLResponseSerialization.m */; };
		66362E9918F322DF00921AB2 /* AFURLSessionManager.m in Sources */ = {isa = PBXBuildFile; fileRef = 66362E9018F322DF00921AB2 /* AFURLSessionManager.m */; };
		66362EAC18F3232500921AB2 /* AFNetworkActivityIndicatorManager.m in Sources */ = {isa = PBXBuildFile; fileRef = 66362E9C18F3232500921AB2 /* AFNetworkActivityIndicatorManager.m */; };
		66362EAD18F3232500921AB2 /* UIActivityIndicatorView+AFNetworking.m in Sources */ = {isa = PBXBuildFile; fileRef = 66362E9E18F3232500921AB2 /* UIActivityIndicatorView+AFNetworking.m */; };
		66362EAE18F3232500921AB2 /* UIAlertView+AFNetworking.m in Sources */ = {isa = PBXBuildFile; fileRef = 66362EA018F3232500921AB2 /* UIAlertView+AFNetworking.m */; };
		66362EAF18F3232500921AB2 /* UIButton+AFNetworking.m in Sources */ = {isa = PBXBuildFile; fileRef = 66362EA218F3232500921AB2 /* UIButton+AFNetworking.m */; };
		66362EB018F3232500921AB2 /* UIImageView+AFNetworking.m in Sources */ = {isa = PBXBuildFile; fileRef = 66362EA418F3232500921AB2 /* UIImageView+AFNetworking.m */; };
		66362EB118F3232500921AB2 /* UIProgressView+AFNetworking.m in Sources */ = {isa = PBXBuildFile; fileRef = 66362EA718F3232500921AB2 /* UIProgressView+AFNetworking.m */; };
		66362EB218F3232500921AB2 /* UIRefreshControl+AFNetworking.m in Sources */ = {isa = PBXBuildFile; fileRef = 66362EA918F3232500921AB2 /* UIRefreshControl+AFNetworking.m */; };
		66362EB318F3232500921AB2 /* UIWebView+AFNetworking.m in Sources */ = {isa = PBXBuildFile; fileRef = 66362EAB18F3232500921AB2 /* UIWebView+AFNetworking.m */; };
		66362EB618F3235F00921AB2 /* AFAppDotNetAPIClient.m in Sources */ = {isa = PBXBuildFile; fileRef = 66362EB518F3235F00921AB2 /* AFAppDotNetAPIClient.m */; };
		663CE51618E988D900418F29 /* MapKit.framework in Frameworks */ = {isa = PBXBuildFile; fileRef = 663CE51518E988D900418F29 /* MapKit.framework */; };
		663CE51C18E98BD400418F29 /* TileOverlay.m in Sources */ = {isa = PBXBuildFile; fileRef = 663CE51918E98BD400418F29 /* TileOverlay.m */; };
		663CE51D18E98BD400418F29 /* TileOverlayView.m in Sources */ = {isa = PBXBuildFile; fileRef = 663CE51B18E98BD400418F29 /* TileOverlayView.m */; };
		663DF8F618EC9A13009452B0 /* CitiesTableViewCell.m in Sources */ = {isa = PBXBuildFile; fileRef = 663DF8F518EC9A13009452B0 /* CitiesTableViewCell.m */; };
		664C8B9C18F419AC005BAD84 /* SsgCommunicatorDelegate_EmailSignUp.m in Sources */ = {isa = PBXBuildFile; fileRef = 664C8B9B18F419AC005BAD84 /* SsgCommunicatorDelegate_EmailSignUp.m */; };
		664C8B9F18F434EF005BAD84 /* UIPlaceHolderTextView.m in Sources */ = {isa = PBXBuildFile; fileRef = 664C8B9E18F434EF005BAD84 /* UIPlaceHolderTextView.m */; };
		664F2E3518E74B9700B8083F /* SyncData.m in Sources */ = {isa = PBXBuildFile; fileRef = 664F2E3418E74B9700B8083F /* SyncData.m */; };
		664F2E3818E74D4100B8083F /* CoreDataModel.xcdatamodeld in Sources */ = {isa = PBXBuildFile; fileRef = 664F2E3618E74D4100B8083F /* CoreDataModel.xcdatamodeld */; };
		6667C88518EC436C00F84CBF /* CitiesBuilder.m in Sources */ = {isa = PBXBuildFile; fileRef = 6667C88418EC436C00F84CBF /* CitiesBuilder.m */; };
		6667C88818EC437800F84CBF /* CategoriesBuilder.m in Sources */ = {isa = PBXBuildFile; fileRef = 6667C88718EC437800F84CBF /* CategoriesBuilder.m */; };
		6667C88B18EC442B00F84CBF /* Builder.m in Sources */ = {isa = PBXBuildFile; fileRef = 6667C88A18EC442B00F84CBF /* Builder.m */; };
		6676A11518FD304F00AD5558 /* Reachability.m in Sources */ = {isa = PBXBuildFile; fileRef = 6676A11418FD304F00AD5558 /* Reachability.m */; };
		6681601518FFAF4900F9FEC1 /* FaqTableViewCell.m in Sources */ = {isa = PBXBuildFile; fileRef = 6681601418FFAF4900F9FEC1 /* FaqTableViewCell.m */; };
		6681601818FFAF8D00F9FEC1 /* FaqViewController.m in Sources */ = {isa = PBXBuildFile; fileRef = 6681601718FFAF8D00F9FEC1 /* FaqViewController.m */; };
		6681601B18FFB11C00F9FEC1 /* Faq.m in Sources */ = {isa = PBXBuildFile; fileRef = 6681601A18FFB11C00F9FEC1 /* Faq.m */; };
		6681601E18FFC87500F9FEC1 /* FaqDetailsViewController.m in Sources */ = {isa = PBXBuildFile; fileRef = 6681601D18FFC87500F9FEC1 /* FaqDetailsViewController.m */; };
		66908D9D18E65C2800F0848E /* LoginViewController.m in Sources */ = {isa = PBXBuildFile; fileRef = 6607384A18E190C9003EA07C /* LoginViewController.m */; };
		66908D9E18E65C2800F0848E /* MainViewController.m in Sources */ = {isa = PBXBuildFile; fileRef = 6607384D18E1949C003EA07C /* MainViewController.m */; };
		66908D9F18E65C2800F0848E /* SignUpEmailViewController.m in Sources */ = {isa = PBXBuildFile; fileRef = 6618299C18E4CC1A0088AB34 /* SignUpEmailViewController.m */; };
		66908DA018E65C2800F0848E /* DescriptionViewController.m in Sources */ = {isa = PBXBuildFile; fileRef = 6618299F18E4D40F0088AB34 /* DescriptionViewController.m */; };
		66908DA118E65C2800F0848E /* CameraViewController.m in Sources */ = {isa = PBXBuildFile; fileRef = 66C4945C18E4E0A0009DFDFC /* CameraViewController.m */; };
		66908DA218E65C2800F0848E /* SettingsViewController.m in Sources */ = {isa = PBXBuildFile; fileRef = 664802D118E50FAE007B23EB /* SettingsViewController.m */; };
		66908DA318E65C2800F0848E /* MapViewController.m in Sources */ = {isa = PBXBuildFile; fileRef = 664802D418E51166007B23EB /* MapViewController.m */; };
		66908DA418E65C2800F0848E /* ShareViewController.m in Sources */ = {isa = PBXBuildFile; fileRef = 664802D918E5174D007B23EB /* ShareViewController.m */; };
		66908DA518E65C2800F0848E /* CategoryViewController.m in Sources */ = {isa = PBXBuildFile; fileRef = 66C9BA8E18E5CD0500C4D747 /* CategoryViewController.m */; };
		66908DA618E65C2800F0848E /* AppDelegate.m in Sources */ = {isa = PBXBuildFile; fileRef = 6607382118E18491003EA07C /* AppDelegate.m */; };
		66908DA718E65CBF00F0848E /* QuartzCore.framework in Frameworks */ = {isa = PBXBuildFile; fileRef = 66908D8F18E6591A00F0848E /* QuartzCore.framework */; };
		66908DA818E65CC500F0848E /* CoreLocation.framework in Frameworks */ = {isa = PBXBuildFile; fileRef = 66908D8D18E6590900F0848E /* CoreLocation.framework */; };
		66908DA918E65CE200F0848E /* CoreGraphics.framework in Frameworks */ = {isa = PBXBuildFile; fileRef = 6607381318E18491003EA07C /* CoreGraphics.framework */; };
		66908DAC18E65E1000F0848E /* FacebookSDK.framework in Frameworks */ = {isa = PBXBuildFile; fileRef = 6607384618E18772003EA07C /* FacebookSDK.framework */; };
		66908DAD18E65E8F00F0848E /* main.m in Sources */ = {isa = PBXBuildFile; fileRef = 6607381D18E18491003EA07C /* main.m */; };
		66908EBE18E66B5300F0848E /* libz.dylib in Frameworks */ = {isa = PBXBuildFile; fileRef = 66908EBD18E66B5300F0848E /* libz.dylib */; };
		66908EC218E7002000F0848E /* GoogleMaps.framework in Frameworks */ = {isa = PBXBuildFile; fileRef = 66908EC118E7002000F0848E /* GoogleMaps.framework */; };
		66908EC418E7005100F0848E /* AVFoundation.framework in Frameworks */ = {isa = PBXBuildFile; fileRef = 66908EC318E7005100F0848E /* AVFoundation.framework */; };
		66908EC618E7006600F0848E /* CoreData.framework in Frameworks */ = {isa = PBXBuildFile; fileRef = 66908EC518E7006600F0848E /* CoreData.framework */; };
		66908EC818E7007000F0848E /* CoreText.framework in Frameworks */ = {isa = PBXBuildFile; fileRef = 66908EC718E7007000F0848E /* CoreText.framework */; };
		66908ECA18E7007A00F0848E /* GLKit.framework in Frameworks */ = {isa = PBXBuildFile; fileRef = 66908EC918E7007A00F0848E /* GLKit.framework */; };
		66908ECC18E7008400F0848E /* ImageIO.framework in Frameworks */ = {isa = PBXBuildFile; fileRef = 66908ECB18E7008400F0848E /* ImageIO.framework */; };
		66908ECE18E7009800F0848E /* libc++.dylib in Frameworks */ = {isa = PBXBuildFile; fileRef = 66908ECD18E7009800F0848E /* libc++.dylib */; };
		66908ED018E700A600F0848E /* libicucore.dylib in Frameworks */ = {isa = PBXBuildFile; fileRef = 66908ECF18E700A600F0848E /* libicucore.dylib */; };
		66908ED218E700BB00F0848E /* OpenGLES.framework in Frameworks */ = {isa = PBXBuildFile; fileRef = 66908ED118E700BB00F0848E /* OpenGLES.framework */; };
		66908ED418E700CC00F0848E /* SystemConfiguration.framework in Frameworks */ = {isa = PBXBuildFile; fileRef = 66908ED318E700CC00F0848E /* SystemConfiguration.framework */; };
		66908ED818E7042F00F0848E /* GoogleMaps.bundle in Resources */ = {isa = PBXBuildFile; fileRef = 66908ED718E7042F00F0848E /* GoogleMaps.bundle */; };
		669B570E18F2107A00EDC91A /* FuturaStd-Book.otf in Resources */ = {isa = PBXBuildFile; fileRef = 669B570D18F2107A00EDC91A /* FuturaStd-Book.otf */; };
		669B571018F216F800EDC91A /* FuturaStd-Medium.otf in Resources */ = {isa = PBXBuildFile; fileRef = 669B570F18F216F800EDC91A /* FuturaStd-Medium.otf */; };
		669E893918EDAE0600C5D751 /* SsgAPI.m in Sources */ = {isa = PBXBuildFile; fileRef = 669E893818EDAE0600C5D751 /* SsgAPI.m */; };
		66A3401718F7D928005BA06C /* KSCrash.framework in Frameworks */ = {isa = PBXBuildFile; fileRef = 66A3401618F7D928005BA06C /* KSCrash.framework */; };
		66AD5E8318EEF216001596D0 /* FAImageView.m in Sources */ = {isa = PBXBuildFile; fileRef = 66AD5E7E18EEF216001596D0 /* FAImageView.m */; };
		66AD5E8418EEF216001596D0 /* NSString+FontAwesome.m in Sources */ = {isa = PBXBuildFile; fileRef = 66AD5E8018EEF216001596D0 /* NSString+FontAwesome.m */; };
		66AD5E8518EEF216001596D0 /* UIFont+FontAwesome.m in Sources */ = {isa = PBXBuildFile; fileRef = 66AD5E8218EEF216001596D0 /* UIFont+FontAwesome.m */; };
		66AD5E9018EF324E001596D0 /* SsgCommnicatorDelegate_Info.m in Sources */ = {isa = PBXBuildFile; fileRef = 66AD5E8F18EF324E001596D0 /* SsgCommnicatorDelegate_Info.m */; };
		66AD5E9318EF32E3001596D0 /* SsgCommunicatorDelegate_EmailLogin.m in Sources */ = {isa = PBXBuildFile; fileRef = 66AD5E9218EF32E3001596D0 /* SsgCommunicatorDelegate_EmailLogin.m */; };
		66AD5E9618EF32FE001596D0 /* SsgCommnicatorDelegate_FacebookLogin.m in Sources */ = {isa = PBXBuildFile; fileRef = 66AD5E9518EF32FE001596D0 /* SsgCommnicatorDelegate_FacebookLogin.m */; };
		66AD5E9918EF398E001596D0 /* SubCategoriesCellTableViewCell.m in Sources */ = {isa = PBXBuildFile; fileRef = 66AD5E9818EF398E001596D0 /* SubCategoriesCellTableViewCell.m */; };
		66AD5E9C18EF39B2001596D0 /* SubCategoryViewController.m in Sources */ = {isa = PBXBuildFile; fileRef = 66AD5E9B18EF39B2001596D0 /* SubCategoryViewController.m */; };
		66B8ABC819017246002B8747 /* User.m in Sources */ = {isa = PBXBuildFile; fileRef = 66B8ABC719017246002B8747 /* User.m */; };
		66C1714218F57BB700151D8C /* Social.framework in Frameworks */ = {isa = PBXBuildFile; fileRef = 66C1714118F57BB700151D8C /* Social.framework */; };
		66D5ECD118EEB756009CD054 /* Categories.m in Sources */ = {isa = PBXBuildFile; fileRef = 66D5ECD018EEB756009CD054 /* Categories.m */; };
		66D5ECD418EEB756009CD054 /* City.m in Sources */ = {isa = PBXBuildFile; fileRef = 66D5ECD318EEB756009CD054 /* City.m */; };
		66DB730A18F290B9008D2922 /* FontAwesome.otf in Resources */ = {isa = PBXBuildFile; fileRef = 66DB730918F290B9008D2922 /* FontAwesome.otf */; };
		66DB730E18F29600008D2922 /* HelperFunctions.m in Sources */ = {isa = PBXBuildFile; fileRef = 66DB730D18F29600008D2922 /* HelperFunctions.m */; };
		66DC3A5618FFF04F0094FF03 /* Rodin-Regular.ttf in Resources */ = {isa = PBXBuildFile; fileRef = 66DC3A5518FFF04F0094FF03 /* Rodin-Regular.ttf */; };
		66E1F01118F7D62C002A4062 /* MessageUI.framework in Frameworks */ = {isa = PBXBuildFile; fileRef = 66E1F01018F7D62C002A4062 /* MessageUI.framework */; };
		66F4930F1901123A004B8C08 /* Issue.m in Sources */ = {isa = PBXBuildFile; fileRef = 66F4930E1901123A004B8C08 /* Issue.m */; };
		66F4BF4D18ECA4410090D776 /* CitiesViewController.m in Sources */ = {isa = PBXBuildFile; fileRef = 66F4BF4C18ECA4410090D776 /* CitiesViewController.m */; };
		66F4BF5618ED4D8C0090D776 /* CategoriesTableViewCell.m in Sources */ = {isa = PBXBuildFile; fileRef = 66F4BF5518ED4D8C0090D776 /* CategoriesTableViewCell.m */; };
		66F70A9A18EB53270034B7C1 /* FuturaStd-Heavy.otf in Resources */ = {isa = PBXBuildFile; fileRef = 66F70A9918EB53270034B7C1 /* FuturaStd-Heavy.otf */; };
		66F70A9C18EB53410034B7C1 /* FuturaStd-Light.otf in Resources */ = {isa = PBXBuildFile; fileRef = 66F70A9B18EB53410034B7C1 /* FuturaStd-Light.otf */; };
		66F70AA018EBEF660034B7C1 /* CustomTextField.m in Sources */ = {isa = PBXBuildFile; fileRef = 66F70A9F18EBEF660034B7C1 /* CustomTextField.m */; };
/* End PBXBuildFile section */

/* Begin PBXContainerItemProxy section */
		6607383418E18492003EA07C /* PBXContainerItemProxy */ = {
			isa = PBXContainerItemProxy;
			containerPortal = 6607380618E18491003EA07C /* Project object */;
			proxyType = 1;
			remoteGlobalIDString = 6607380D18E18491003EA07C;
			remoteInfo = "ssg-ios";
		};
/* End PBXContainerItemProxy section */

/* Begin PBXFileReference section */
		62040F3C19053D1000C5C246 /* libsqlite3.dylib */ = {isa = PBXFileReference; lastKnownFileType = "compiled.mach-o.dylib"; name = libsqlite3.dylib; path = usr/lib/libsqlite3.dylib; sourceTree = SDKROOT; };
		62040F3E19053D7700C5C246 /* libGoogleAnalyticsServices.a */ = {isa = PBXFileReference; lastKnownFileType = archive.ar; path = libGoogleAnalyticsServices.a; sourceTree = "<group>"; };
		624736461905183D003B4AC9 /* UIViewController+BackButtonHandler.h */ = {isa = PBXFileReference; fileEncoding = 4; lastKnownFileType = sourcecode.c.h; path = "UIViewController+BackButtonHandler.h"; sourceTree = "<group>"; };
		624736471905183D003B4AC9 /* UIViewController+BackButtonHandler.m */ = {isa = PBXFileReference; fileEncoding = 4; lastKnownFileType = sourcecode.c.objc; path = "UIViewController+BackButtonHandler.m"; sourceTree = "<group>"; };
		6247364A190531E6003B4AC9 /* GAI.h */ = {isa = PBXFileReference; lastKnownFileType = sourcecode.c.h; path = GAI.h; sourceTree = "<group>"; };
		6247364B190531E6003B4AC9 /* GAITracker.h */ = {isa = PBXFileReference; lastKnownFileType = sourcecode.c.h; path = GAITracker.h; sourceTree = "<group>"; };
		6247364C19053231003B4AC9 /* GAITrackedViewController.h */ = {isa = PBXFileReference; lastKnownFileType = sourcecode.c.h; path = GAITrackedViewController.h; sourceTree = "<group>"; };
		6247364D19053249003B4AC9 /* GAIDictionaryBuilder.h */ = {isa = PBXFileReference; lastKnownFileType = sourcecode.c.h; path = GAIDictionaryBuilder.h; sourceTree = "<group>"; };
		6247364E19053249003B4AC9 /* GAIFields.h */ = {isa = PBXFileReference; lastKnownFileType = sourcecode.c.h; path = GAIFields.h; sourceTree = "<group>"; };
		6247364F19053249003B4AC9 /* GAILogger.h */ = {isa = PBXFileReference; lastKnownFileType = sourcecode.c.h; path = GAILogger.h; sourceTree = "<group>"; };
		62473652190532A1003B4AC9 /* AdSupport.framework */ = {isa = PBXFileReference; lastKnownFileType = wrapper.framework; name = AdSupport.framework; path = System/Library/Frameworks/AdSupport.framework; sourceTree = SDKROOT; };
		6607380E18E18491003EA07C /* ssg-ios.app */ = {isa = PBXFileReference; explicitFileType = wrapper.application; includeInIndex = 0; path = "ssg-ios.app"; sourceTree = BUILT_PRODUCTS_DIR; };
		6607381118E18491003EA07C /* Foundation.framework */ = {isa = PBXFileReference; lastKnownFileType = wrapper.framework; name = Foundation.framework; path = System/Library/Frameworks/Foundation.framework; sourceTree = SDKROOT; };
		6607381318E18491003EA07C /* CoreGraphics.framework */ = {isa = PBXFileReference; lastKnownFileType = wrapper.framework; name = CoreGraphics.framework; path = System/Library/Frameworks/CoreGraphics.framework; sourceTree = SDKROOT; };
		6607381518E18491003EA07C /* UIKit.framework */ = {isa = PBXFileReference; lastKnownFileType = wrapper.framework; name = UIKit.framework; path = System/Library/Frameworks/UIKit.framework; sourceTree = SDKROOT; };
		6607381918E18491003EA07C /* ssg-ios-Info.plist */ = {isa = PBXFileReference; lastKnownFileType = text.plist.xml; path = "ssg-ios-Info.plist"; sourceTree = "<group>"; };
		6607381D18E18491003EA07C /* main.m */ = {isa = PBXFileReference; lastKnownFileType = sourcecode.c.objc; path = main.m; sourceTree = "<group>"; };
		6607381F18E18491003EA07C /* ssg-ios-Prefix.pch */ = {isa = PBXFileReference; lastKnownFileType = sourcecode.c.h; path = "ssg-ios-Prefix.pch"; sourceTree = "<group>"; };
		6607382018E18491003EA07C /* AppDelegate.h */ = {isa = PBXFileReference; lastKnownFileType = sourcecode.c.h; path = AppDelegate.h; sourceTree = "<group>"; };
		6607382118E18491003EA07C /* AppDelegate.m */ = {isa = PBXFileReference; lastKnownFileType = sourcecode.c.objc; path = AppDelegate.m; sourceTree = "<group>"; };
		6607382918E18491003EA07C /* Images.xcassets */ = {isa = PBXFileReference; lastKnownFileType = folder.assetcatalog; path = Images.xcassets; sourceTree = "<group>"; };
		6607382F18E18492003EA07C /* ssg-iosTests.xctest */ = {isa = PBXFileReference; explicitFileType = wrapper.cfbundle; includeInIndex = 0; path = "ssg-iosTests.xctest"; sourceTree = BUILT_PRODUCTS_DIR; };
		6607383018E18492003EA07C /* XCTest.framework */ = {isa = PBXFileReference; lastKnownFileType = wrapper.framework; name = XCTest.framework; path = Library/Frameworks/XCTest.framework; sourceTree = DEVELOPER_DIR; };
		6607383818E18492003EA07C /* ssg-iosTests-Info.plist */ = {isa = PBXFileReference; lastKnownFileType = text.plist.xml; path = "ssg-iosTests-Info.plist"; sourceTree = "<group>"; };
		6607383C18E18492003EA07C /* ssg_iosTests.m */ = {isa = PBXFileReference; lastKnownFileType = sourcecode.c.objc; path = ssg_iosTests.m; sourceTree = "<group>"; };
		6607384618E18772003EA07C /* FacebookSDK.framework */ = {isa = PBXFileReference; lastKnownFileType = wrapper.framework; path = FacebookSDK.framework; sourceTree = "<group>"; };
		6607384918E190C9003EA07C /* LoginViewController.h */ = {isa = PBXFileReference; fileEncoding = 4; lastKnownFileType = sourcecode.c.h; path = LoginViewController.h; sourceTree = "<group>"; };
		6607384A18E190C9003EA07C /* LoginViewController.m */ = {isa = PBXFileReference; fileEncoding = 4; lastKnownFileType = sourcecode.c.objc; path = LoginViewController.m; sourceTree = "<group>"; };
		6607384C18E1949C003EA07C /* MainViewController.h */ = {isa = PBXFileReference; fileEncoding = 4; lastKnownFileType = sourcecode.c.h; path = MainViewController.h; sourceTree = "<group>"; };
		6607384D18E1949C003EA07C /* MainViewController.m */ = {isa = PBXFileReference; fileEncoding = 4; lastKnownFileType = sourcecode.c.objc; path = MainViewController.m; sourceTree = "<group>"; };
		6609CCD318FEA5F300163FBF /* MBProgressHUD.h */ = {isa = PBXFileReference; fileEncoding = 4; lastKnownFileType = sourcecode.c.h; path = MBProgressHUD.h; sourceTree = "<group>"; };
		6609CCD418FEA5F300163FBF /* MBProgressHUD.m */ = {isa = PBXFileReference; fileEncoding = 4; lastKnownFileType = sourcecode.c.objc; path = MBProgressHUD.m; sourceTree = "<group>"; };
		6609CCD618FEB5F500163FBF /* DefaultLanguage.h */ = {isa = PBXFileReference; fileEncoding = 4; lastKnownFileType = sourcecode.c.h; path = DefaultLanguage.h; sourceTree = "<group>"; };
		6609CCD718FEB5F500163FBF /* DefaultLanguage.m */ = {isa = PBXFileReference; fileEncoding = 4; lastKnownFileType = sourcecode.c.objc; path = DefaultLanguage.m; sourceTree = "<group>"; };
		6618299B18E4CC1A0088AB34 /* SignUpEmailViewController.h */ = {isa = PBXFileReference; fileEncoding = 4; lastKnownFileType = sourcecode.c.h; path = SignUpEmailViewController.h; sourceTree = "<group>"; };
		6618299C18E4CC1A0088AB34 /* SignUpEmailViewController.m */ = {isa = PBXFileReference; fileEncoding = 4; lastKnownFileType = sourcecode.c.objc; path = SignUpEmailViewController.m; sourceTree = "<group>"; };
		6618299E18E4D40F0088AB34 /* DescriptionViewController.h */ = {isa = PBXFileReference; fileEncoding = 4; lastKnownFileType = sourcecode.c.h; path = DescriptionViewController.h; sourceTree = "<group>"; };
		6618299F18E4D40F0088AB34 /* DescriptionViewController.m */ = {isa = PBXFileReference; fileEncoding = 4; lastKnownFileType = sourcecode.c.objc; path = DescriptionViewController.m; sourceTree = "<group>"; };
		661953AB18FBE5600000586E /* LanguageViewController.h */ = {isa = PBXFileReference; fileEncoding = 4; lastKnownFileType = sourcecode.c.h; path = LanguageViewController.h; sourceTree = "<group>"; };
		661953AC18FBE5600000586E /* LanguageViewController.m */ = {isa = PBXFileReference; fileEncoding = 4; lastKnownFileType = sourcecode.c.objc; path = LanguageViewController.m; sourceTree = "<group>"; };
		661953B718FC4BAD0000586E /* Main.storyboard */ = {isa = PBXFileReference; fileEncoding = 4; lastKnownFileType = file.storyboard; path = Main.storyboard; sourceTree = "<group>"; };
		661953B918FC4C580000586E /* MCLocalization.h */ = {isa = PBXFileReference; fileEncoding = 4; lastKnownFileType = sourcecode.c.h; path = MCLocalization.h; sourceTree = "<group>"; };
		661953BA18FC4C580000586E /* MCLocalization.m */ = {isa = PBXFileReference; fileEncoding = 4; lastKnownFileType = sourcecode.c.objc; path = MCLocalization.m; sourceTree = "<group>"; };
		661953BC18FC4C7A0000586E /* strings.json */ = {isa = PBXFileReference; fileEncoding = 4; lastKnownFileType = text.json; path = strings.json; sourceTree = "<group>"; };
		662AD17E18EDA77E00433265 /* NSString+NSString_Extended.h */ = {isa = PBXFileReference; fileEncoding = 4; lastKnownFileType = sourcecode.c.h; path = "NSString+NSString_Extended.h"; sourceTree = "<group>"; };
		662AD17F18EDA77E00433265 /* NSString+NSString_Extended.m */ = {isa = PBXFileReference; fileEncoding = 4; lastKnownFileType = sourcecode.c.objc; path = "NSString+NSString_Extended.m"; sourceTree = "<group>"; };
		66362E7018F2E9ED00921AB2 /* SsgCommunicatorDelegate_CreateIssue.h */ = {isa = PBXFileReference; fileEncoding = 4; lastKnownFileType = sourcecode.c.h; path = SsgCommunicatorDelegate_CreateIssue.h; sourceTree = "<group>"; };
		66362E7118F2E9ED00921AB2 /* SsgCommunicatorDelegate_CreateIssue.m */ = {isa = PBXFileReference; fileEncoding = 4; lastKnownFileType = sourcecode.c.objc; path = SsgCommunicatorDelegate_CreateIssue.m; sourceTree = "<group>"; };
		66362E7E18F322DE00921AB2 /* AFHTTPRequestOperation.h */ = {isa = PBXFileReference; fileEncoding = 4; lastKnownFileType = sourcecode.c.h; path = AFHTTPRequestOperation.h; sourceTree = "<group>"; };
		66362E7F18F322DE00921AB2 /* AFHTTPRequestOperation.m */ = {isa = PBXFileReference; fileEncoding = 4; lastKnownFileType = sourcecode.c.objc; path = AFHTTPRequestOperation.m; sourceTree = "<group>"; };
		66362E8018F322DE00921AB2 /* AFHTTPRequestOperationManager.h */ = {isa = PBXFileReference; fileEncoding = 4; lastKnownFileType = sourcecode.c.h; path = AFHTTPRequestOperationManager.h; sourceTree = "<group>"; };
		66362E8118F322DE00921AB2 /* AFHTTPRequestOperationManager.m */ = {isa = PBXFileReference; fileEncoding = 4; lastKnownFileType = sourcecode.c.objc; path = AFHTTPRequestOperationManager.m; sourceTree = "<group>"; };
		66362E8218F322DE00921AB2 /* AFHTTPSessionManager.h */ = {isa = PBXFileReference; fileEncoding = 4; lastKnownFileType = sourcecode.c.h; path = AFHTTPSessionManager.h; sourceTree = "<group>"; };
		66362E8318F322DE00921AB2 /* AFHTTPSessionManager.m */ = {isa = PBXFileReference; fileEncoding = 4; lastKnownFileType = sourcecode.c.objc; path = AFHTTPSessionManager.m; sourceTree = "<group>"; };
		66362E8418F322DE00921AB2 /* AFNetworking.h */ = {isa = PBXFileReference; fileEncoding = 4; lastKnownFileType = sourcecode.c.h; path = AFNetworking.h; sourceTree = "<group>"; };
		66362E8518F322DF00921AB2 /* AFNetworkReachabilityManager.h */ = {isa = PBXFileReference; fileEncoding = 4; lastKnownFileType = sourcecode.c.h; path = AFNetworkReachabilityManager.h; sourceTree = "<group>"; };
		66362E8618F322DF00921AB2 /* AFNetworkReachabilityManager.m */ = {isa = PBXFileReference; fileEncoding = 4; lastKnownFileType = sourcecode.c.objc; path = AFNetworkReachabilityManager.m; sourceTree = "<group>"; };
		66362E8718F322DF00921AB2 /* AFSecurityPolicy.h */ = {isa = PBXFileReference; fileEncoding = 4; lastKnownFileType = sourcecode.c.h; path = AFSecurityPolicy.h; sourceTree = "<group>"; };
		66362E8818F322DF00921AB2 /* AFSecurityPolicy.m */ = {isa = PBXFileReference; fileEncoding = 4; lastKnownFileType = sourcecode.c.objc; path = AFSecurityPolicy.m; sourceTree = "<group>"; };
		66362E8918F322DF00921AB2 /* AFURLConnectionOperation.h */ = {isa = PBXFileReference; fileEncoding = 4; lastKnownFileType = sourcecode.c.h; path = AFURLConnectionOperation.h; sourceTree = "<group>"; };
		66362E8A18F322DF00921AB2 /* AFURLConnectionOperation.m */ = {isa = PBXFileReference; fileEncoding = 4; lastKnownFileType = sourcecode.c.objc; path = AFURLConnectionOperation.m; sourceTree = "<group>"; };
		66362E8B18F322DF00921AB2 /* AFURLRequestSerialization.h */ = {isa = PBXFileReference; fileEncoding = 4; lastKnownFileType = sourcecode.c.h; path = AFURLRequestSerialization.h; sourceTree = "<group>"; };
		66362E8C18F322DF00921AB2 /* AFURLRequestSerialization.m */ = {isa = PBXFileReference; fileEncoding = 4; lastKnownFileType = sourcecode.c.objc; path = AFURLRequestSerialization.m; sourceTree = "<group>"; };
		66362E8D18F322DF00921AB2 /* AFURLResponseSerialization.h */ = {isa = PBXFileReference; fileEncoding = 4; lastKnownFileType = sourcecode.c.h; path = AFURLResponseSerialization.h; sourceTree = "<group>"; };
		66362E8E18F322DF00921AB2 /* AFURLResponseSerialization.m */ = {isa = PBXFileReference; fileEncoding = 4; lastKnownFileType = sourcecode.c.objc; path = AFURLResponseSerialization.m; sourceTree = "<group>"; };
		66362E8F18F322DF00921AB2 /* AFURLSessionManager.h */ = {isa = PBXFileReference; fileEncoding = 4; lastKnownFileType = sourcecode.c.h; path = AFURLSessionManager.h; sourceTree = "<group>"; };
		66362E9018F322DF00921AB2 /* AFURLSessionManager.m */ = {isa = PBXFileReference; fileEncoding = 4; lastKnownFileType = sourcecode.c.objc; path = AFURLSessionManager.m; sourceTree = "<group>"; };
		66362E9B18F3232500921AB2 /* AFNetworkActivityIndicatorManager.h */ = {isa = PBXFileReference; fileEncoding = 4; lastKnownFileType = sourcecode.c.h; path = AFNetworkActivityIndicatorManager.h; sourceTree = "<group>"; };
		66362E9C18F3232500921AB2 /* AFNetworkActivityIndicatorManager.m */ = {isa = PBXFileReference; fileEncoding = 4; lastKnownFileType = sourcecode.c.objc; path = AFNetworkActivityIndicatorManager.m; sourceTree = "<group>"; };
		66362E9D18F3232500921AB2 /* UIActivityIndicatorView+AFNetworking.h */ = {isa = PBXFileReference; fileEncoding = 4; lastKnownFileType = sourcecode.c.h; path = "UIActivityIndicatorView+AFNetworking.h"; sourceTree = "<group>"; };
		66362E9E18F3232500921AB2 /* UIActivityIndicatorView+AFNetworking.m */ = {isa = PBXFileReference; fileEncoding = 4; lastKnownFileType = sourcecode.c.objc; path = "UIActivityIndicatorView+AFNetworking.m"; sourceTree = "<group>"; };
		66362E9F18F3232500921AB2 /* UIAlertView+AFNetworking.h */ = {isa = PBXFileReference; fileEncoding = 4; lastKnownFileType = sourcecode.c.h; path = "UIAlertView+AFNetworking.h"; sourceTree = "<group>"; };
		66362EA018F3232500921AB2 /* UIAlertView+AFNetworking.m */ = {isa = PBXFileReference; fileEncoding = 4; lastKnownFileType = sourcecode.c.objc; path = "UIAlertView+AFNetworking.m"; sourceTree = "<group>"; };
		66362EA118F3232500921AB2 /* UIButton+AFNetworking.h */ = {isa = PBXFileReference; fileEncoding = 4; lastKnownFileType = sourcecode.c.h; path = "UIButton+AFNetworking.h"; sourceTree = "<group>"; };
		66362EA218F3232500921AB2 /* UIButton+AFNetworking.m */ = {isa = PBXFileReference; fileEncoding = 4; lastKnownFileType = sourcecode.c.objc; path = "UIButton+AFNetworking.m"; sourceTree = "<group>"; };
		66362EA318F3232500921AB2 /* UIImageView+AFNetworking.h */ = {isa = PBXFileReference; fileEncoding = 4; lastKnownFileType = sourcecode.c.h; path = "UIImageView+AFNetworking.h"; sourceTree = "<group>"; };
		66362EA418F3232500921AB2 /* UIImageView+AFNetworking.m */ = {isa = PBXFileReference; fileEncoding = 4; lastKnownFileType = sourcecode.c.objc; path = "UIImageView+AFNetworking.m"; sourceTree = "<group>"; };
		66362EA518F3232500921AB2 /* UIKit+AFNetworking.h */ = {isa = PBXFileReference; fileEncoding = 4; lastKnownFileType = sourcecode.c.h; path = "UIKit+AFNetworking.h"; sourceTree = "<group>"; };
		66362EA618F3232500921AB2 /* UIProgressView+AFNetworking.h */ = {isa = PBXFileReference; fileEncoding = 4; lastKnownFileType = sourcecode.c.h; path = "UIProgressView+AFNetworking.h"; sourceTree = "<group>"; };
		66362EA718F3232500921AB2 /* UIProgressView+AFNetworking.m */ = {isa = PBXFileReference; fileEncoding = 4; lastKnownFileType = sourcecode.c.objc; path = "UIProgressView+AFNetworking.m"; sourceTree = "<group>"; };
		66362EA818F3232500921AB2 /* UIRefreshControl+AFNetworking.h */ = {isa = PBXFileReference; fileEncoding = 4; lastKnownFileType = sourcecode.c.h; path = "UIRefreshControl+AFNetworking.h"; sourceTree = "<group>"; };
		66362EA918F3232500921AB2 /* UIRefreshControl+AFNetworking.m */ = {isa = PBXFileReference; fileEncoding = 4; lastKnownFileType = sourcecode.c.objc; path = "UIRefreshControl+AFNetworking.m"; sourceTree = "<group>"; };
		66362EAA18F3232500921AB2 /* UIWebView+AFNetworking.h */ = {isa = PBXFileReference; fileEncoding = 4; lastKnownFileType = sourcecode.c.h; path = "UIWebView+AFNetworking.h"; sourceTree = "<group>"; };
		66362EAB18F3232500921AB2 /* UIWebView+AFNetworking.m */ = {isa = PBXFileReference; fileEncoding = 4; lastKnownFileType = sourcecode.c.objc; path = "UIWebView+AFNetworking.m"; sourceTree = "<group>"; };
		66362EB418F3235F00921AB2 /* AFAppDotNetAPIClient.h */ = {isa = PBXFileReference; fileEncoding = 4; lastKnownFileType = sourcecode.c.h; path = AFAppDotNetAPIClient.h; sourceTree = "<group>"; };
		66362EB518F3235F00921AB2 /* AFAppDotNetAPIClient.m */ = {isa = PBXFileReference; fileEncoding = 4; lastKnownFileType = sourcecode.c.objc; path = AFAppDotNetAPIClient.m; sourceTree = "<group>"; };
		663CE51518E988D900418F29 /* MapKit.framework */ = {isa = PBXFileReference; lastKnownFileType = wrapper.framework; name = MapKit.framework; path = System/Library/Frameworks/MapKit.framework; sourceTree = SDKROOT; };
		663CE51818E98BD400418F29 /* TileOverlay.h */ = {isa = PBXFileReference; fileEncoding = 4; lastKnownFileType = sourcecode.c.h; path = TileOverlay.h; sourceTree = "<group>"; };
		663CE51918E98BD400418F29 /* TileOverlay.m */ = {isa = PBXFileReference; fileEncoding = 4; lastKnownFileType = sourcecode.c.objc; path = TileOverlay.m; sourceTree = "<group>"; };
		663CE51A18E98BD400418F29 /* TileOverlayView.h */ = {isa = PBXFileReference; fileEncoding = 4; lastKnownFileType = sourcecode.c.h; path = TileOverlayView.h; sourceTree = "<group>"; };
		663CE51B18E98BD400418F29 /* TileOverlayView.m */ = {isa = PBXFileReference; fileEncoding = 4; lastKnownFileType = sourcecode.c.objc; path = TileOverlayView.m; sourceTree = "<group>"; };
		663DF8F418EC9A13009452B0 /* CitiesTableViewCell.h */ = {isa = PBXFileReference; fileEncoding = 4; lastKnownFileType = sourcecode.c.h; path = CitiesTableViewCell.h; sourceTree = "<group>"; };
		663DF8F518EC9A13009452B0 /* CitiesTableViewCell.m */ = {isa = PBXFileReference; fileEncoding = 4; lastKnownFileType = sourcecode.c.objc; path = CitiesTableViewCell.m; sourceTree = "<group>"; };
		664802D018E50FAE007B23EB /* SettingsViewController.h */ = {isa = PBXFileReference; fileEncoding = 4; lastKnownFileType = sourcecode.c.h; path = SettingsViewController.h; sourceTree = "<group>"; };
		664802D118E50FAE007B23EB /* SettingsViewController.m */ = {isa = PBXFileReference; fileEncoding = 4; lastKnownFileType = sourcecode.c.objc; path = SettingsViewController.m; sourceTree = "<group>"; };
		664802D318E51166007B23EB /* MapViewController.h */ = {isa = PBXFileReference; fileEncoding = 4; lastKnownFileType = sourcecode.c.h; path = MapViewController.h; sourceTree = "<group>"; };
		664802D418E51166007B23EB /* MapViewController.m */ = {isa = PBXFileReference; fileEncoding = 4; lastKnownFileType = sourcecode.c.objc; path = MapViewController.m; sourceTree = "<group>"; };
		664802D818E5174D007B23EB /* ShareViewController.h */ = {isa = PBXFileReference; fileEncoding = 4; lastKnownFileType = sourcecode.c.h; path = ShareViewController.h; sourceTree = "<group>"; };
		664802D918E5174D007B23EB /* ShareViewController.m */ = {isa = PBXFileReference; fileEncoding = 4; lastKnownFileType = sourcecode.c.objc; path = ShareViewController.m; sourceTree = "<group>"; };
		664C8B9A18F419AC005BAD84 /* SsgCommunicatorDelegate_EmailSignUp.h */ = {isa = PBXFileReference; fileEncoding = 4; lastKnownFileType = sourcecode.c.h; path = SsgCommunicatorDelegate_EmailSignUp.h; sourceTree = "<group>"; };
		664C8B9B18F419AC005BAD84 /* SsgCommunicatorDelegate_EmailSignUp.m */ = {isa = PBXFileReference; fileEncoding = 4; lastKnownFileType = sourcecode.c.objc; path = SsgCommunicatorDelegate_EmailSignUp.m; sourceTree = "<group>"; };
		664C8B9D18F434EF005BAD84 /* UIPlaceHolderTextView.h */ = {isa = PBXFileReference; fileEncoding = 4; lastKnownFileType = sourcecode.c.h; path = UIPlaceHolderTextView.h; sourceTree = "<group>"; };
		664C8B9E18F434EF005BAD84 /* UIPlaceHolderTextView.m */ = {isa = PBXFileReference; fileEncoding = 4; lastKnownFileType = sourcecode.c.objc; path = UIPlaceHolderTextView.m; sourceTree = "<group>"; };
		664F2E3318E74B9700B8083F /* SyncData.h */ = {isa = PBXFileReference; fileEncoding = 4; lastKnownFileType = sourcecode.c.h; path = SyncData.h; sourceTree = "<group>"; };
		664F2E3418E74B9700B8083F /* SyncData.m */ = {isa = PBXFileReference; fileEncoding = 4; lastKnownFileType = sourcecode.c.objc; path = SyncData.m; sourceTree = "<group>"; };
		664F2E3718E74D4100B8083F /* CoreDataModel.xcdatamodel */ = {isa = PBXFileReference; lastKnownFileType = wrapper.xcdatamodel; path = CoreDataModel.xcdatamodel; sourceTree = "<group>"; };
		6667C87F18EC402000F84CBF /* SsgCommunicatorDelegate.h */ = {isa = PBXFileReference; lastKnownFileType = sourcecode.c.h; path = SsgCommunicatorDelegate.h; sourceTree = "<group>"; };
		6667C88318EC436C00F84CBF /* CitiesBuilder.h */ = {isa = PBXFileReference; fileEncoding = 4; lastKnownFileType = sourcecode.c.h; path = CitiesBuilder.h; sourceTree = "<group>"; };
		6667C88418EC436C00F84CBF /* CitiesBuilder.m */ = {isa = PBXFileReference; fileEncoding = 4; lastKnownFileType = sourcecode.c.objc; path = CitiesBuilder.m; sourceTree = "<group>"; };
		6667C88618EC437800F84CBF /* CategoriesBuilder.h */ = {isa = PBXFileReference; fileEncoding = 4; lastKnownFileType = sourcecode.c.h; path = CategoriesBuilder.h; sourceTree = "<group>"; };
		6667C88718EC437800F84CBF /* CategoriesBuilder.m */ = {isa = PBXFileReference; fileEncoding = 4; lastKnownFileType = sourcecode.c.objc; path = CategoriesBuilder.m; sourceTree = "<group>"; };
		6667C88918EC442B00F84CBF /* Builder.h */ = {isa = PBXFileReference; fileEncoding = 4; lastKnownFileType = sourcecode.c.h; path = Builder.h; sourceTree = "<group>"; };
		6667C88A18EC442B00F84CBF /* Builder.m */ = {isa = PBXFileReference; fileEncoding = 4; lastKnownFileType = sourcecode.c.objc; path = Builder.m; sourceTree = "<group>"; };
		6676A11318FD304F00AD5558 /* Reachability.h */ = {isa = PBXFileReference; fileEncoding = 4; lastKnownFileType = sourcecode.c.h; path = Reachability.h; sourceTree = "<group>"; };
		6676A11418FD304F00AD5558 /* Reachability.m */ = {isa = PBXFileReference; fileEncoding = 4; lastKnownFileType = sourcecode.c.objc; path = Reachability.m; sourceTree = "<group>"; };
		6681601318FFAF4900F9FEC1 /* FaqTableViewCell.h */ = {isa = PBXFileReference; fileEncoding = 4; lastKnownFileType = sourcecode.c.h; path = FaqTableViewCell.h; sourceTree = "<group>"; };
		6681601418FFAF4900F9FEC1 /* FaqTableViewCell.m */ = {isa = PBXFileReference; fileEncoding = 4; lastKnownFileType = sourcecode.c.objc; path = FaqTableViewCell.m; sourceTree = "<group>"; };
		6681601618FFAF8D00F9FEC1 /* FaqViewController.h */ = {isa = PBXFileReference; fileEncoding = 4; lastKnownFileType = sourcecode.c.h; path = FaqViewController.h; sourceTree = "<group>"; };
		6681601718FFAF8D00F9FEC1 /* FaqViewController.m */ = {isa = PBXFileReference; fileEncoding = 4; lastKnownFileType = sourcecode.c.objc; path = FaqViewController.m; sourceTree = "<group>"; };
		6681601918FFB11C00F9FEC1 /* Faq.h */ = {isa = PBXFileReference; fileEncoding = 4; lastKnownFileType = sourcecode.c.h; path = Faq.h; sourceTree = "<group>"; };
		6681601A18FFB11C00F9FEC1 /* Faq.m */ = {isa = PBXFileReference; fileEncoding = 4; lastKnownFileType = sourcecode.c.objc; path = Faq.m; sourceTree = "<group>"; };
		6681601C18FFC87500F9FEC1 /* FaqDetailsViewController.h */ = {isa = PBXFileReference; fileEncoding = 4; lastKnownFileType = sourcecode.c.h; path = FaqDetailsViewController.h; sourceTree = "<group>"; };
		6681601D18FFC87500F9FEC1 /* FaqDetailsViewController.m */ = {isa = PBXFileReference; fileEncoding = 4; lastKnownFileType = sourcecode.c.objc; path = FaqDetailsViewController.m; sourceTree = "<group>"; };
		66908D8D18E6590900F0848E /* CoreLocation.framework */ = {isa = PBXFileReference; lastKnownFileType = wrapper.framework; name = CoreLocation.framework; path = System/Library/Frameworks/CoreLocation.framework; sourceTree = SDKROOT; };
		66908D8F18E6591A00F0848E /* QuartzCore.framework */ = {isa = PBXFileReference; lastKnownFileType = wrapper.framework; name = QuartzCore.framework; path = System/Library/Frameworks/QuartzCore.framework; sourceTree = SDKROOT; };
		66908EBD18E66B5300F0848E /* libz.dylib */ = {isa = PBXFileReference; lastKnownFileType = "compiled.mach-o.dylib"; name = libz.dylib; path = usr/lib/libz.dylib; sourceTree = SDKROOT; };
		66908EC118E7002000F0848E /* GoogleMaps.framework */ = {isa = PBXFileReference; lastKnownFileType = wrapper.framework; path = GoogleMaps.framework; sourceTree = "<group>"; };
		66908EC318E7005100F0848E /* AVFoundation.framework */ = {isa = PBXFileReference; lastKnownFileType = wrapper.framework; name = AVFoundation.framework; path = System/Library/Frameworks/AVFoundation.framework; sourceTree = SDKROOT; };
		66908EC518E7006600F0848E /* CoreData.framework */ = {isa = PBXFileReference; lastKnownFileType = wrapper.framework; name = CoreData.framework; path = System/Library/Frameworks/CoreData.framework; sourceTree = SDKROOT; };
		66908EC718E7007000F0848E /* CoreText.framework */ = {isa = PBXFileReference; lastKnownFileType = wrapper.framework; name = CoreText.framework; path = System/Library/Frameworks/CoreText.framework; sourceTree = SDKROOT; };
		66908EC918E7007A00F0848E /* GLKit.framework */ = {isa = PBXFileReference; lastKnownFileType = wrapper.framework; name = GLKit.framework; path = System/Library/Frameworks/GLKit.framework; sourceTree = SDKROOT; };
		66908ECB18E7008400F0848E /* ImageIO.framework */ = {isa = PBXFileReference; lastKnownFileType = wrapper.framework; name = ImageIO.framework; path = System/Library/Frameworks/ImageIO.framework; sourceTree = SDKROOT; };
		66908ECD18E7009800F0848E /* libc++.dylib */ = {isa = PBXFileReference; lastKnownFileType = "compiled.mach-o.dylib"; name = "libc++.dylib"; path = "usr/lib/libc++.dylib"; sourceTree = SDKROOT; };
		66908ECF18E700A600F0848E /* libicucore.dylib */ = {isa = PBXFileReference; lastKnownFileType = "compiled.mach-o.dylib"; name = libicucore.dylib; path = usr/lib/libicucore.dylib; sourceTree = SDKROOT; };
		66908ED118E700BB00F0848E /* OpenGLES.framework */ = {isa = PBXFileReference; lastKnownFileType = wrapper.framework; name = OpenGLES.framework; path = System/Library/Frameworks/OpenGLES.framework; sourceTree = SDKROOT; };
		66908ED318E700CC00F0848E /* SystemConfiguration.framework */ = {isa = PBXFileReference; lastKnownFileType = wrapper.framework; name = SystemConfiguration.framework; path = System/Library/Frameworks/SystemConfiguration.framework; sourceTree = SDKROOT; };
		66908ED718E7042F00F0848E /* GoogleMaps.bundle */ = {isa = PBXFileReference; lastKnownFileType = "wrapper.plug-in"; name = GoogleMaps.bundle; path = GoogleMaps.framework/Versions/A/Resources/GoogleMaps.bundle; sourceTree = "<group>"; };
		669B570D18F2107A00EDC91A /* FuturaStd-Book.otf */ = {isa = PBXFileReference; lastKnownFileType = file; path = "FuturaStd-Book.otf"; sourceTree = "<group>"; };
		669B570F18F216F800EDC91A /* FuturaStd-Medium.otf */ = {isa = PBXFileReference; lastKnownFileType = file; path = "FuturaStd-Medium.otf"; sourceTree = "<group>"; };
		669E893718EDAE0600C5D751 /* SsgAPI.h */ = {isa = PBXFileReference; fileEncoding = 4; lastKnownFileType = sourcecode.c.h; path = SsgAPI.h; sourceTree = "<group>"; };
		669E893818EDAE0600C5D751 /* SsgAPI.m */ = {isa = PBXFileReference; fileEncoding = 4; lastKnownFileType = sourcecode.c.objc; path = SsgAPI.m; sourceTree = "<group>"; };
		66A3401618F7D928005BA06C /* KSCrash.framework */ = {isa = PBXFileReference; lastKnownFileType = wrapper.framework; path = KSCrash.framework; sourceTree = "<group>"; };
		66AD5E7D18EEF216001596D0 /* FAImageView.h */ = {isa = PBXFileReference; fileEncoding = 4; lastKnownFileType = sourcecode.c.h; path = FAImageView.h; sourceTree = "<group>"; };
		66AD5E7E18EEF216001596D0 /* FAImageView.m */ = {isa = PBXFileReference; fileEncoding = 4; lastKnownFileType = sourcecode.c.objc; path = FAImageView.m; sourceTree = "<group>"; };
		66AD5E7F18EEF216001596D0 /* NSString+FontAwesome.h */ = {isa = PBXFileReference; fileEncoding = 4; lastKnownFileType = sourcecode.c.h; path = "NSString+FontAwesome.h"; sourceTree = "<group>"; };
		66AD5E8018EEF216001596D0 /* NSString+FontAwesome.m */ = {isa = PBXFileReference; fileEncoding = 4; lastKnownFileType = sourcecode.c.objc; path = "NSString+FontAwesome.m"; sourceTree = "<group>"; };
		66AD5E8118EEF216001596D0 /* UIFont+FontAwesome.h */ = {isa = PBXFileReference; fileEncoding = 4; lastKnownFileType = sourcecode.c.h; path = "UIFont+FontAwesome.h"; sourceTree = "<group>"; };
		66AD5E8218EEF216001596D0 /* UIFont+FontAwesome.m */ = {isa = PBXFileReference; fileEncoding = 4; lastKnownFileType = sourcecode.c.objc; path = "UIFont+FontAwesome.m"; sourceTree = "<group>"; };
		66AD5E8E18EF324E001596D0 /* SsgCommnicatorDelegate_Info.h */ = {isa = PBXFileReference; fileEncoding = 4; lastKnownFileType = sourcecode.c.h; path = SsgCommnicatorDelegate_Info.h; sourceTree = "<group>"; };
		66AD5E8F18EF324E001596D0 /* SsgCommnicatorDelegate_Info.m */ = {isa = PBXFileReference; fileEncoding = 4; lastKnownFileType = sourcecode.c.objc; path = SsgCommnicatorDelegate_Info.m; sourceTree = "<group>"; };
		66AD5E9118EF32E3001596D0 /* SsgCommunicatorDelegate_EmailLogin.h */ = {isa = PBXFileReference; fileEncoding = 4; lastKnownFileType = sourcecode.c.h; path = SsgCommunicatorDelegate_EmailLogin.h; sourceTree = "<group>"; };
		66AD5E9218EF32E3001596D0 /* SsgCommunicatorDelegate_EmailLogin.m */ = {isa = PBXFileReference; fileEncoding = 4; lastKnownFileType = sourcecode.c.objc; path = SsgCommunicatorDelegate_EmailLogin.m; sourceTree = "<group>"; };
		66AD5E9418EF32FE001596D0 /* SsgCommnicatorDelegate_FacebookLogin.h */ = {isa = PBXFileReference; fileEncoding = 4; lastKnownFileType = sourcecode.c.h; path = SsgCommnicatorDelegate_FacebookLogin.h; sourceTree = "<group>"; };
		66AD5E9518EF32FE001596D0 /* SsgCommnicatorDelegate_FacebookLogin.m */ = {isa = PBXFileReference; fileEncoding = 4; lastKnownFileType = sourcecode.c.objc; path = SsgCommnicatorDelegate_FacebookLogin.m; sourceTree = "<group>"; };
		66AD5E9718EF398E001596D0 /* SubCategoriesCellTableViewCell.h */ = {isa = PBXFileReference; fileEncoding = 4; lastKnownFileType = sourcecode.c.h; path = SubCategoriesCellTableViewCell.h; sourceTree = "<group>"; };
		66AD5E9818EF398E001596D0 /* SubCategoriesCellTableViewCell.m */ = {isa = PBXFileReference; fileEncoding = 4; lastKnownFileType = sourcecode.c.objc; path = SubCategoriesCellTableViewCell.m; sourceTree = "<group>"; };
		66AD5E9A18EF39B2001596D0 /* SubCategoryViewController.h */ = {isa = PBXFileReference; fileEncoding = 4; lastKnownFileType = sourcecode.c.h; path = SubCategoryViewController.h; sourceTree = "<group>"; };
		66AD5E9B18EF39B2001596D0 /* SubCategoryViewController.m */ = {isa = PBXFileReference; fileEncoding = 4; lastKnownFileType = sourcecode.c.objc; path = SubCategoryViewController.m; sourceTree = "<group>"; };
		66B8ABC619017246002B8747 /* User.h */ = {isa = PBXFileReference; fileEncoding = 4; lastKnownFileType = sourcecode.c.h; path = User.h; sourceTree = "<group>"; };
		66B8ABC719017246002B8747 /* User.m */ = {isa = PBXFileReference; fileEncoding = 4; lastKnownFileType = sourcecode.c.objc; path = User.m; sourceTree = "<group>"; };
		66C1714118F57BB700151D8C /* Social.framework */ = {isa = PBXFileReference; lastKnownFileType = wrapper.framework; name = Social.framework; path = System/Library/Frameworks/Social.framework; sourceTree = SDKROOT; };
		66C4945B18E4E0A0009DFDFC /* CameraViewController.h */ = {isa = PBXFileReference; fileEncoding = 4; lastKnownFileType = sourcecode.c.h; path = CameraViewController.h; sourceTree = "<group>"; };
		66C4945C18E4E0A0009DFDFC /* CameraViewController.m */ = {isa = PBXFileReference; fileEncoding = 4; lastKnownFileType = sourcecode.c.objc; path = CameraViewController.m; sourceTree = "<group>"; };
		66C9BA8D18E5CD0500C4D747 /* CategoryViewController.h */ = {isa = PBXFileReference; fileEncoding = 4; lastKnownFileType = sourcecode.c.h; path = CategoryViewController.h; sourceTree = "<group>"; };
		66C9BA8E18E5CD0500C4D747 /* CategoryViewController.m */ = {isa = PBXFileReference; fileEncoding = 4; lastKnownFileType = sourcecode.c.objc; path = CategoryViewController.m; sourceTree = "<group>"; };
		66D5ECCF18EEB756009CD054 /* Categories.h */ = {isa = PBXFileReference; fileEncoding = 4; lastKnownFileType = sourcecode.c.h; path = Categories.h; sourceTree = "<group>"; };
		66D5ECD018EEB756009CD054 /* Categories.m */ = {isa = PBXFileReference; fileEncoding = 4; lastKnownFileType = sourcecode.c.objc; path = Categories.m; sourceTree = "<group>"; };
		66D5ECD218EEB756009CD054 /* City.h */ = {isa = PBXFileReference; fileEncoding = 4; lastKnownFileType = sourcecode.c.h; path = City.h; sourceTree = "<group>"; };
		66D5ECD318EEB756009CD054 /* City.m */ = {isa = PBXFileReference; fileEncoding = 4; lastKnownFileType = sourcecode.c.objc; path = City.m; sourceTree = "<group>"; };
		66DB730918F290B9008D2922 /* FontAwesome.otf */ = {isa = PBXFileReference; lastKnownFileType = file; path = FontAwesome.otf; sourceTree = "<group>"; };
		66DB730C18F29600008D2922 /* HelperFunctions.h */ = {isa = PBXFileReference; fileEncoding = 4; lastKnownFileType = sourcecode.c.h; path = HelperFunctions.h; sourceTree = "<group>"; };
		66DB730D18F29600008D2922 /* HelperFunctions.m */ = {isa = PBXFileReference; fileEncoding = 4; lastKnownFileType = sourcecode.c.objc; path = HelperFunctions.m; sourceTree = "<group>"; };
		66DC3A5518FFF04F0094FF03 /* Rodin-Regular.ttf */ = {isa = PBXFileReference; lastKnownFileType = file; path = "Rodin-Regular.ttf"; sourceTree = "<group>"; };
		66E1F01018F7D62C002A4062 /* MessageUI.framework */ = {isa = PBXFileReference; lastKnownFileType = wrapper.framework; name = MessageUI.framework; path = System/Library/Frameworks/MessageUI.framework; sourceTree = SDKROOT; };
		66F4930D1901123A004B8C08 /* Issue.h */ = {isa = PBXFileReference; fileEncoding = 4; lastKnownFileType = sourcecode.c.h; path = Issue.h; sourceTree = "<group>"; };
		66F4930E1901123A004B8C08 /* Issue.m */ = {isa = PBXFileReference; fileEncoding = 4; lastKnownFileType = sourcecode.c.objc; path = Issue.m; sourceTree = "<group>"; };
		66F4BF4B18ECA4410090D776 /* CitiesViewController.h */ = {isa = PBXFileReference; fileEncoding = 4; lastKnownFileType = sourcecode.c.h; path = CitiesViewController.h; sourceTree = "<group>"; };
		66F4BF4C18ECA4410090D776 /* CitiesViewController.m */ = {isa = PBXFileReference; fileEncoding = 4; lastKnownFileType = sourcecode.c.objc; path = CitiesViewController.m; sourceTree = "<group>"; };
		66F4BF5418ED4D8C0090D776 /* CategoriesTableViewCell.h */ = {isa = PBXFileReference; fileEncoding = 4; lastKnownFileType = sourcecode.c.h; path = CategoriesTableViewCell.h; sourceTree = "<group>"; };
		66F4BF5518ED4D8C0090D776 /* CategoriesTableViewCell.m */ = {isa = PBXFileReference; fileEncoding = 4; lastKnownFileType = sourcecode.c.objc; path = CategoriesTableViewCell.m; sourceTree = "<group>"; };
		66F70A9918EB53270034B7C1 /* FuturaStd-Heavy.otf */ = {isa = PBXFileReference; lastKnownFileType = file; path = "FuturaStd-Heavy.otf"; sourceTree = "<group>"; };
		66F70A9B18EB53410034B7C1 /* FuturaStd-Light.otf */ = {isa = PBXFileReference; lastKnownFileType = file; path = "FuturaStd-Light.otf"; sourceTree = "<group>"; };
		66F70A9E18EBEF660034B7C1 /* CustomTextField.h */ = {isa = PBXFileReference; fileEncoding = 4; lastKnownFileType = sourcecode.c.h; path = CustomTextField.h; sourceTree = "<group>"; };
		66F70A9F18EBEF660034B7C1 /* CustomTextField.m */ = {isa = PBXFileReference; fileEncoding = 4; lastKnownFileType = sourcecode.c.objc; path = CustomTextField.m; sourceTree = "<group>"; };
/* End PBXFileReference section */

/* Begin PBXFrameworksBuildPhase section */
		6607382C18E18492003EA07C /* Frameworks */ = {
			isa = PBXFrameworksBuildPhase;
			buildActionMask = 2147483647;
			files = (
				6607383118E18492003EA07C /* XCTest.framework in Frameworks */,
				6607383318E18492003EA07C /* UIKit.framework in Frameworks */,
				6607383218E18492003EA07C /* Foundation.framework in Frameworks */,
			);
			runOnlyForDeploymentPostprocessing = 0;
		};
		66908D9518E65B7D00F0848E /* Frameworks */ = {
			isa = PBXFrameworksBuildPhase;
			buildActionMask = 2147483647;
			files = (
				62040F3D19053D1000C5C246 /* libsqlite3.dylib in Frameworks */,
				62473653190532A1003B4AC9 /* AdSupport.framework in Frameworks */,
				66E1F01118F7D62C002A4062 /* MessageUI.framework in Frameworks */,
				66C1714218F57BB700151D8C /* Social.framework in Frameworks */,
				663CE51618E988D900418F29 /* MapKit.framework in Frameworks */,
				66908ED418E700CC00F0848E /* SystemConfiguration.framework in Frameworks */,
				66908ED218E700BB00F0848E /* OpenGLES.framework in Frameworks */,
				66908ED018E700A600F0848E /* libicucore.dylib in Frameworks */,
				66908ECE18E7009800F0848E /* libc++.dylib in Frameworks */,
				66A3401718F7D928005BA06C /* KSCrash.framework in Frameworks */,
				66908ECC18E7008400F0848E /* ImageIO.framework in Frameworks */,
				66908ECA18E7007A00F0848E /* GLKit.framework in Frameworks */,
				66908EC818E7007000F0848E /* CoreText.framework in Frameworks */,
				66908EC618E7006600F0848E /* CoreData.framework in Frameworks */,
				66908DAC18E65E1000F0848E /* FacebookSDK.framework in Frameworks */,
				66908EC418E7005100F0848E /* AVFoundation.framework in Frameworks */,
				66908EBE18E66B5300F0848E /* libz.dylib in Frameworks */,
				66908DA918E65CE200F0848E /* CoreGraphics.framework in Frameworks */,
				66908DA818E65CC500F0848E /* CoreLocation.framework in Frameworks */,
				62040F3F19053D7700C5C246 /* libGoogleAnalyticsServices.a in Frameworks */,
				66908EC218E7002000F0848E /* GoogleMaps.framework in Frameworks */,
				66908DA718E65CBF00F0848E /* QuartzCore.framework in Frameworks */,
			);
			runOnlyForDeploymentPostprocessing = 0;
		};
/* End PBXFrameworksBuildPhase section */

/* Begin PBXGroup section */
		624736451905182A003B4AC9 /* BackButtonHandler */ = {
			isa = PBXGroup;
			children = (
				624736461905183D003B4AC9 /* UIViewController+BackButtonHandler.h */,
				624736471905183D003B4AC9 /* UIViewController+BackButtonHandler.m */,
			);
			name = BackButtonHandler;
			sourceTree = "<group>";
		};
		62473649190531B8003B4AC9 /* GoogleAnalytics */ = {
			isa = PBXGroup;
			children = (
				6247364D19053249003B4AC9 /* GAIDictionaryBuilder.h */,
				6247364E19053249003B4AC9 /* GAIFields.h */,
				6247364F19053249003B4AC9 /* GAILogger.h */,
				6247364C19053231003B4AC9 /* GAITrackedViewController.h */,
				6247364A190531E6003B4AC9 /* GAI.h */,
				6247364B190531E6003B4AC9 /* GAITracker.h */,
			);
			name = GoogleAnalytics;
			sourceTree = "<group>";
		};
		6607380518E18491003EA07C = {
			isa = PBXGroup;
			children = (
				6607381718E18491003EA07C /* ssg-ios */,
				6607383618E18492003EA07C /* ssg-iosTests */,
				6607381018E18491003EA07C /* Frameworks */,
				6607380F18E18491003EA07C /* Products */,
			);
			sourceTree = "<group>";
		};
		6607380F18E18491003EA07C /* Products */ = {
			isa = PBXGroup;
			children = (
				6607380E18E18491003EA07C /* ssg-ios.app */,
				6607382F18E18492003EA07C /* ssg-iosTests.xctest */,
			);
			name = Products;
			sourceTree = "<group>";
		};
		6607381018E18491003EA07C /* Frameworks */ = {
			isa = PBXGroup;
			children = (
				62040F3E19053D7700C5C246 /* libGoogleAnalyticsServices.a */,
				62040F3C19053D1000C5C246 /* libsqlite3.dylib */,
				62473652190532A1003B4AC9 /* AdSupport.framework */,
				66A3401618F7D928005BA06C /* KSCrash.framework */,
				66E1F01018F7D62C002A4062 /* MessageUI.framework */,
				66C1714118F57BB700151D8C /* Social.framework */,
				663CE51518E988D900418F29 /* MapKit.framework */,
				66908ED718E7042F00F0848E /* GoogleMaps.bundle */,
				66908ED318E700CC00F0848E /* SystemConfiguration.framework */,
				66908ED118E700BB00F0848E /* OpenGLES.framework */,
				66908ECF18E700A600F0848E /* libicucore.dylib */,
				66908ECD18E7009800F0848E /* libc++.dylib */,
				66908ECB18E7008400F0848E /* ImageIO.framework */,
				66908EC918E7007A00F0848E /* GLKit.framework */,
				66908EC718E7007000F0848E /* CoreText.framework */,
				66908EC518E7006600F0848E /* CoreData.framework */,
				66908EC318E7005100F0848E /* AVFoundation.framework */,
				66908EC118E7002000F0848E /* GoogleMaps.framework */,
				66908EBD18E66B5300F0848E /* libz.dylib */,
				66908D8F18E6591A00F0848E /* QuartzCore.framework */,
				66908D8D18E6590900F0848E /* CoreLocation.framework */,
				6607384618E18772003EA07C /* FacebookSDK.framework */,
				6607381118E18491003EA07C /* Foundation.framework */,
				6607381318E18491003EA07C /* CoreGraphics.framework */,
				6607381518E18491003EA07C /* UIKit.framework */,
				6607383018E18492003EA07C /* XCTest.framework */,
			);
			name = Frameworks;
			sourceTree = "<group>";
		};
		6607381718E18491003EA07C /* ssg-ios */ = {
			isa = PBXGroup;
			children = (
				62473649190531B8003B4AC9 /* GoogleAnalytics */,
				624736451905182A003B4AC9 /* BackButtonHandler */,
				661953B718FC4BAD0000586E /* Main.storyboard */,
				66362E7D18F3228C00921AB2 /* AFNetworking */,
				66DB730B18F295BD008D2922 /* Helper */,
				66AD5E7C18EEF1D2001596D0 /* FontAwesome */,
				666B6F2718EC96220055F9EE /* Cells */,
				663931E218EC3DE70072513A /* API */,
				66F70A9D18EBEF390034B7C1 /* Subclass */,
				6630EA8B18EB4890009368B5 /* Resources */,
				663CE51718E98B4200418F29 /* MapOverlay */,
				664F2E3218E749FF00B8083F /* Model */,
				6607382018E18491003EA07C /* AppDelegate.h */,
				6607384818E1903A003EA07C /* Controllers */,
				6607382118E18491003EA07C /* AppDelegate.m */,
				6607382918E18491003EA07C /* Images.xcassets */,
				6607381818E18491003EA07C /* Supporting Files */,
				664F2E3618E74D4100B8083F /* CoreDataModel.xcdatamodeld */,
			);
			path = "ssg-ios";
			sourceTree = "<group>";
		};
		6607381818E18491003EA07C /* Supporting Files */ = {
			isa = PBXGroup;
			children = (
				6607381918E18491003EA07C /* ssg-ios-Info.plist */,
				6607381D18E18491003EA07C /* main.m */,
				6607381F18E18491003EA07C /* ssg-ios-Prefix.pch */,
			);
			name = "Supporting Files";
			sourceTree = "<group>";
		};
		6607383618E18492003EA07C /* ssg-iosTests */ = {
			isa = PBXGroup;
			children = (
				6607383C18E18492003EA07C /* ssg_iosTests.m */,
				6607383718E18492003EA07C /* Supporting Files */,
			);
			path = "ssg-iosTests";
			sourceTree = "<group>";
		};
		6607383718E18492003EA07C /* Supporting Files */ = {
			isa = PBXGroup;
			children = (
				6607383818E18492003EA07C /* ssg-iosTests-Info.plist */,
			);
			name = "Supporting Files";
			sourceTree = "<group>";
		};
		6607384818E1903A003EA07C /* Controllers */ = {
			isa = PBXGroup;
			children = (
				6607384918E190C9003EA07C /* LoginViewController.h */,
				6607384A18E190C9003EA07C /* LoginViewController.m */,
				6607384C18E1949C003EA07C /* MainViewController.h */,
				6607384D18E1949C003EA07C /* MainViewController.m */,
				6618299B18E4CC1A0088AB34 /* SignUpEmailViewController.h */,
				6618299C18E4CC1A0088AB34 /* SignUpEmailViewController.m */,
				6618299E18E4D40F0088AB34 /* DescriptionViewController.h */,
				6618299F18E4D40F0088AB34 /* DescriptionViewController.m */,
				66C4945B18E4E0A0009DFDFC /* CameraViewController.h */,
				66C4945C18E4E0A0009DFDFC /* CameraViewController.m */,
				664802D018E50FAE007B23EB /* SettingsViewController.h */,
				664802D118E50FAE007B23EB /* SettingsViewController.m */,
				664802D318E51166007B23EB /* MapViewController.h */,
				664802D418E51166007B23EB /* MapViewController.m */,
				664802D818E5174D007B23EB /* ShareViewController.h */,
				664802D918E5174D007B23EB /* ShareViewController.m */,
				66C9BA8D18E5CD0500C4D747 /* CategoryViewController.h */,
				66C9BA8E18E5CD0500C4D747 /* CategoryViewController.m */,
				66F4BF4B18ECA4410090D776 /* CitiesViewController.h */,
				66F4BF4C18ECA4410090D776 /* CitiesViewController.m */,
				66AD5E9A18EF39B2001596D0 /* SubCategoryViewController.h */,
				66AD5E9B18EF39B2001596D0 /* SubCategoryViewController.m */,
				661953AB18FBE5600000586E /* LanguageViewController.h */,
				661953AC18FBE5600000586E /* LanguageViewController.m */,
				6681601618FFAF8D00F9FEC1 /* FaqViewController.h */,
				6681601718FFAF8D00F9FEC1 /* FaqViewController.m */,
				6681601C18FFC87500F9FEC1 /* FaqDetailsViewController.h */,
				6681601D18FFC87500F9FEC1 /* FaqDetailsViewController.m */,
			);
			name = Controllers;
			sourceTree = "<group>";
		};
		6630EA8B18EB4890009368B5 /* Resources */ = {
			isa = PBXGroup;
			children = (
				66DC3A5518FFF04F0094FF03 /* Rodin-Regular.ttf */,
				661953BC18FC4C7A0000586E /* strings.json */,
				6630EA8C18EB489A009368B5 /* Fonts */,
			);
			name = Resources;
			sourceTree = "<group>";
		};
		6630EA8C18EB489A009368B5 /* Fonts */ = {
			isa = PBXGroup;
			children = (
				66DB730918F290B9008D2922 /* FontAwesome.otf */,
				669B570F18F216F800EDC91A /* FuturaStd-Medium.otf */,
				669B570D18F2107A00EDC91A /* FuturaStd-Book.otf */,
				66F70A9B18EB53410034B7C1 /* FuturaStd-Light.otf */,
				66F70A9918EB53270034B7C1 /* FuturaStd-Heavy.otf */,
			);
			name = Fonts;
			sourceTree = "<group>";
		};
		66362E7D18F3228C00921AB2 /* AFNetworking */ = {
			isa = PBXGroup;
			children = (
				66362E9A18F322F500921AB2 /* UIKit+AFNetworking */,
				66362E7E18F322DE00921AB2 /* AFHTTPRequestOperation.h */,
				66362E7F18F322DE00921AB2 /* AFHTTPRequestOperation.m */,
				66362E8018F322DE00921AB2 /* AFHTTPRequestOperationManager.h */,
				66362E8118F322DE00921AB2 /* AFHTTPRequestOperationManager.m */,
				66362E8218F322DE00921AB2 /* AFHTTPSessionManager.h */,
				66362E8318F322DE00921AB2 /* AFHTTPSessionManager.m */,
				66362E8418F322DE00921AB2 /* AFNetworking.h */,
				66362E8518F322DF00921AB2 /* AFNetworkReachabilityManager.h */,
				66362E8618F322DF00921AB2 /* AFNetworkReachabilityManager.m */,
				66362E8718F322DF00921AB2 /* AFSecurityPolicy.h */,
				66362E8818F322DF00921AB2 /* AFSecurityPolicy.m */,
				66362E8918F322DF00921AB2 /* AFURLConnectionOperation.h */,
				66362E8A18F322DF00921AB2 /* AFURLConnectionOperation.m */,
				66362E8B18F322DF00921AB2 /* AFURLRequestSerialization.h */,
				66362E8C18F322DF00921AB2 /* AFURLRequestSerialization.m */,
				66362E8D18F322DF00921AB2 /* AFURLResponseSerialization.h */,
				66362E8E18F322DF00921AB2 /* AFURLResponseSerialization.m */,
				66362E8F18F322DF00921AB2 /* AFURLSessionManager.h */,
				66362E9018F322DF00921AB2 /* AFURLSessionManager.m */,
				66362EB418F3235F00921AB2 /* AFAppDotNetAPIClient.h */,
				66362EB518F3235F00921AB2 /* AFAppDotNetAPIClient.m */,
			);
			name = AFNetworking;
			sourceTree = "<group>";
		};
		66362E9A18F322F500921AB2 /* UIKit+AFNetworking */ = {
			isa = PBXGroup;
			children = (
				66362E9B18F3232500921AB2 /* AFNetworkActivityIndicatorManager.h */,
				66362E9C18F3232500921AB2 /* AFNetworkActivityIndicatorManager.m */,
				66362E9D18F3232500921AB2 /* UIActivityIndicatorView+AFNetworking.h */,
				66362E9E18F3232500921AB2 /* UIActivityIndicatorView+AFNetworking.m */,
				66362E9F18F3232500921AB2 /* UIAlertView+AFNetworking.h */,
				66362EA018F3232500921AB2 /* UIAlertView+AFNetworking.m */,
				66362EA118F3232500921AB2 /* UIButton+AFNetworking.h */,
				66362EA218F3232500921AB2 /* UIButton+AFNetworking.m */,
				66362EA318F3232500921AB2 /* UIImageView+AFNetworking.h */,
				66362EA418F3232500921AB2 /* UIImageView+AFNetworking.m */,
				66362EA518F3232500921AB2 /* UIKit+AFNetworking.h */,
				66362EA618F3232500921AB2 /* UIProgressView+AFNetworking.h */,
				66362EA718F3232500921AB2 /* UIProgressView+AFNetworking.m */,
				66362EA818F3232500921AB2 /* UIRefreshControl+AFNetworking.h */,
				66362EA918F3232500921AB2 /* UIRefreshControl+AFNetworking.m */,
				66362EAA18F3232500921AB2 /* UIWebView+AFNetworking.h */,
				66362EAB18F3232500921AB2 /* UIWebView+AFNetworking.m */,
			);
			name = "UIKit+AFNetworking";
			sourceTree = "<group>";
		};
		663931E218EC3DE70072513A /* API */ = {
			isa = PBXGroup;
			children = (
				6667C87B18EC3F0700F84CBF /* Builder */,
				6667C87F18EC402000F84CBF /* SsgCommunicatorDelegate.h */,
				669E893718EDAE0600C5D751 /* SsgAPI.h */,
				669E893818EDAE0600C5D751 /* SsgAPI.m */,
				66AD5E8E18EF324E001596D0 /* SsgCommnicatorDelegate_Info.h */,
				66AD5E8F18EF324E001596D0 /* SsgCommnicatorDelegate_Info.m */,
				66AD5E9118EF32E3001596D0 /* SsgCommunicatorDelegate_EmailLogin.h */,
				66AD5E9218EF32E3001596D0 /* SsgCommunicatorDelegate_EmailLogin.m */,
				66AD5E9418EF32FE001596D0 /* SsgCommnicatorDelegate_FacebookLogin.h */,
				66AD5E9518EF32FE001596D0 /* SsgCommnicatorDelegate_FacebookLogin.m */,
				66362E7018F2E9ED00921AB2 /* SsgCommunicatorDelegate_CreateIssue.h */,
				66362E7118F2E9ED00921AB2 /* SsgCommunicatorDelegate_CreateIssue.m */,
				664C8B9A18F419AC005BAD84 /* SsgCommunicatorDelegate_EmailSignUp.h */,
				664C8B9B18F419AC005BAD84 /* SsgCommunicatorDelegate_EmailSignUp.m */,
			);
			name = API;
			sourceTree = "<group>";
		};
		663CE51718E98B4200418F29 /* MapOverlay */ = {
			isa = PBXGroup;
			children = (
				663CE51818E98BD400418F29 /* TileOverlay.h */,
				663CE51918E98BD400418F29 /* TileOverlay.m */,
				663CE51A18E98BD400418F29 /* TileOverlayView.h */,
				663CE51B18E98BD400418F29 /* TileOverlayView.m */,
			);
			name = MapOverlay;
			sourceTree = "<group>";
		};
		664F2E3218E749FF00B8083F /* Model */ = {
			isa = PBXGroup;
			children = (
				66B8ABC619017246002B8747 /* User.h */,
				66B8ABC719017246002B8747 /* User.m */,
				66F4930D1901123A004B8C08 /* Issue.h */,
				66F4930E1901123A004B8C08 /* Issue.m */,
				6609CCD618FEB5F500163FBF /* DefaultLanguage.h */,
				6609CCD718FEB5F500163FBF /* DefaultLanguage.m */,
				66D5ECD218EEB756009CD054 /* City.h */,
				66D5ECD318EEB756009CD054 /* City.m */,
				66D5ECCF18EEB756009CD054 /* Categories.h */,
				66D5ECD018EEB756009CD054 /* Categories.m */,
				664F2E3318E74B9700B8083F /* SyncData.h */,
				664F2E3418E74B9700B8083F /* SyncData.m */,
				6681601918FFB11C00F9FEC1 /* Faq.h */,
				6681601A18FFB11C00F9FEC1 /* Faq.m */,
			);
			name = Model;
			sourceTree = "<group>";
		};
		6667C87B18EC3F0700F84CBF /* Builder */ = {
			isa = PBXGroup;
			children = (
				6667C88918EC442B00F84CBF /* Builder.h */,
				6667C88A18EC442B00F84CBF /* Builder.m */,
				6667C88318EC436C00F84CBF /* CitiesBuilder.h */,
				6667C88418EC436C00F84CBF /* CitiesBuilder.m */,
				6667C88618EC437800F84CBF /* CategoriesBuilder.h */,
				6667C88718EC437800F84CBF /* CategoriesBuilder.m */,
			);
			name = Builder;
			sourceTree = "<group>";
		};
		666B6F2718EC96220055F9EE /* Cells */ = {
			isa = PBXGroup;
			children = (
				663DF8F418EC9A13009452B0 /* CitiesTableViewCell.h */,
				663DF8F518EC9A13009452B0 /* CitiesTableViewCell.m */,
				66F4BF5418ED4D8C0090D776 /* CategoriesTableViewCell.h */,
				66F4BF5518ED4D8C0090D776 /* CategoriesTableViewCell.m */,
				66AD5E9718EF398E001596D0 /* SubCategoriesCellTableViewCell.h */,
				66AD5E9818EF398E001596D0 /* SubCategoriesCellTableViewCell.m */,
				6681601318FFAF4900F9FEC1 /* FaqTableViewCell.h */,
				6681601418FFAF4900F9FEC1 /* FaqTableViewCell.m */,
			);
			name = Cells;
			sourceTree = "<group>";
		};
		66AD5E7C18EEF1D2001596D0 /* FontAwesome */ = {
			isa = PBXGroup;
			children = (
				66AD5E7D18EEF216001596D0 /* FAImageView.h */,
				66AD5E7E18EEF216001596D0 /* FAImageView.m */,
				66AD5E7F18EEF216001596D0 /* NSString+FontAwesome.h */,
				66AD5E8018EEF216001596D0 /* NSString+FontAwesome.m */,
				66AD5E8118EEF216001596D0 /* UIFont+FontAwesome.h */,
				66AD5E8218EEF216001596D0 /* UIFont+FontAwesome.m */,
			);
			name = FontAwesome;
			sourceTree = "<group>";
		};
		66DB730B18F295BD008D2922 /* Helper */ = {
			isa = PBXGroup;
			children = (
				6609CCD318FEA5F300163FBF /* MBProgressHUD.h */,
				6609CCD418FEA5F300163FBF /* MBProgressHUD.m */,
				6676A11318FD304F00AD5558 /* Reachability.h */,
				6676A11418FD304F00AD5558 /* Reachability.m */,
				661953B918FC4C580000586E /* MCLocalization.h */,
				661953BA18FC4C580000586E /* MCLocalization.m */,
				66DB730C18F29600008D2922 /* HelperFunctions.h */,
				66DB730D18F29600008D2922 /* HelperFunctions.m */,
			);
			name = Helper;
			sourceTree = "<group>";
		};
		66F70A9D18EBEF390034B7C1 /* Subclass */ = {
			isa = PBXGroup;
			children = (
				66F70A9E18EBEF660034B7C1 /* CustomTextField.h */,
				66F70A9F18EBEF660034B7C1 /* CustomTextField.m */,
				662AD17E18EDA77E00433265 /* NSString+NSString_Extended.h */,
				662AD17F18EDA77E00433265 /* NSString+NSString_Extended.m */,
				664C8B9D18F434EF005BAD84 /* UIPlaceHolderTextView.h */,
				664C8B9E18F434EF005BAD84 /* UIPlaceHolderTextView.m */,
			);
			name = Subclass;
			sourceTree = "<group>";
		};
/* End PBXGroup section */

/* Begin PBXNativeTarget section */
		6607380D18E18491003EA07C /* ssg-ios */ = {
			isa = PBXNativeTarget;
			buildConfigurationList = 6607384018E18492003EA07C /* Build configuration list for PBXNativeTarget "ssg-ios" */;
			buildPhases = (
				6607380A18E18491003EA07C /* Sources */,
				6607380C18E18491003EA07C /* Resources */,
				66908D9518E65B7D00F0848E /* Frameworks */,
			);
			buildRules = (
			);
			dependencies = (
			);
			name = "ssg-ios";
			productName = "ssg-ios";
			productReference = 6607380E18E18491003EA07C /* ssg-ios.app */;
			productType = "com.apple.product-type.application";
		};
		6607382E18E18492003EA07C /* ssg-iosTests */ = {
			isa = PBXNativeTarget;
			buildConfigurationList = 6607384318E18492003EA07C /* Build configuration list for PBXNativeTarget "ssg-iosTests" */;
			buildPhases = (
				6607382B18E18492003EA07C /* Sources */,
				6607382C18E18492003EA07C /* Frameworks */,
				6607382D18E18492003EA07C /* Resources */,
			);
			buildRules = (
			);
			dependencies = (
				6607383518E18492003EA07C /* PBXTargetDependency */,
			);
			name = "ssg-iosTests";
			productName = "ssg-iosTests";
			productReference = 6607382F18E18492003EA07C /* ssg-iosTests.xctest */;
			productType = "com.apple.product-type.bundle.unit-test";
		};
/* End PBXNativeTarget section */

/* Begin PBXProject section */
		6607380618E18491003EA07C /* Project object */ = {
			isa = PBXProject;
			attributes = {
				LastUpgradeCheck = 0510;
				ORGANIZATIONNAME = SSG;
				TargetAttributes = {
					6607382E18E18492003EA07C = {
						TestTargetID = 6607380D18E18491003EA07C;
					};
				};
			};
			buildConfigurationList = 6607380918E18491003EA07C /* Build configuration list for PBXProject "ssg-ios" */;
			compatibilityVersion = "Xcode 3.2";
			developmentRegion = English;
			hasScannedForEncodings = 0;
			knownRegions = (
				en,
				Base,
				hr,
			);
			mainGroup = 6607380518E18491003EA07C;
			productRefGroup = 6607380F18E18491003EA07C /* Products */;
			projectDirPath = "";
			projectRoot = "";
			targets = (
				6607380D18E18491003EA07C /* ssg-ios */,
				6607382E18E18492003EA07C /* ssg-iosTests */,
			);
		};
/* End PBXProject section */

/* Begin PBXResourcesBuildPhase section */
		6607380C18E18491003EA07C /* Resources */ = {
			isa = PBXResourcesBuildPhase;
			buildActionMask = 2147483647;
			files = (
				66F70A9A18EB53270034B7C1 /* FuturaStd-Heavy.otf in Resources */,
				6607382A18E18491003EA07C /* Images.xcassets in Resources */,
				669B571018F216F800EDC91A /* FuturaStd-Medium.otf in Resources */,
				661953B818FC4BAD0000586E /* Main.storyboard in Resources */,
				66F70A9C18EB53410034B7C1 /* FuturaStd-Light.otf in Resources */,
				66DB730A18F290B9008D2922 /* FontAwesome.otf in Resources */,
				669B570E18F2107A00EDC91A /* FuturaStd-Book.otf in Resources */,
				66908ED818E7042F00F0848E /* GoogleMaps.bundle in Resources */,
				66DC3A5618FFF04F0094FF03 /* Rodin-Regular.ttf in Resources */,
				661953BD18FC4C7A0000586E /* strings.json in Resources */,
			);
			runOnlyForDeploymentPostprocessing = 0;
		};
		6607382D18E18492003EA07C /* Resources */ = {
			isa = PBXResourcesBuildPhase;
			buildActionMask = 2147483647;
			files = (
			);
			runOnlyForDeploymentPostprocessing = 0;
		};
/* End PBXResourcesBuildPhase section */

/* Begin PBXSourcesBuildPhase section */
		6607380A18E18491003EA07C /* Sources */ = {
			isa = PBXSourcesBuildPhase;
			buildActionMask = 2147483647;
			files = (
				669E893918EDAE0600C5D751 /* SsgAPI.m in Sources */,
				664F2E3518E74B9700B8083F /* SyncData.m in Sources */,
				66D5ECD118EEB756009CD054 /* Categories.m in Sources */,
				66362E9618F322DF00921AB2 /* AFURLConnectionOperation.m in Sources */,
				66B8ABC819017246002B8747 /* User.m in Sources */,
				66362EB018F3232500921AB2 /* UIImageView+AFNetworking.m in Sources */,
				66F4BF4D18ECA4410090D776 /* CitiesViewController.m in Sources */,
				66362EB218F3232500921AB2 /* UIRefreshControl+AFNetworking.m in Sources */,
				66908DAD18E65E8F00F0848E /* main.m in Sources */,
				66908D9D18E65C2800F0848E /* LoginViewController.m in Sources */,
				66AD5E9618EF32FE001596D0 /* SsgCommnicatorDelegate_FacebookLogin.m in Sources */,
				66362EAE18F3232500921AB2 /* UIAlertView+AFNetworking.m in Sources */,
				66362E9918F322DF00921AB2 /* AFURLSessionManager.m in Sources */,
				6609CCD518FEA5F300163FBF /* MBProgressHUD.m in Sources */,
				662AD18018EDA77E00433265 /* NSString+NSString_Extended.m in Sources */,
				66F4930F1901123A004B8C08 /* Issue.m in Sources */,
				66362E9218F322DF00921AB2 /* AFHTTPRequestOperationManager.m in Sources */,
				66AD5E9018EF324E001596D0 /* SsgCommnicatorDelegate_Info.m in Sources */,
				66362E9418F322DF00921AB2 /* AFNetworkReachabilityManager.m in Sources */,
				6667C88B18EC442B00F84CBF /* Builder.m in Sources */,
				66362E9118F322DF00921AB2 /* AFHTTPRequestOperation.m in Sources */,
				6609CCD818FEB5F500163FBF /* DefaultLanguage.m in Sources */,
				66AD5E9918EF398E001596D0 /* SubCategoriesCellTableViewCell.m in Sources */,
				6681601818FFAF8D00F9FEC1 /* FaqViewController.m in Sources */,
				664F2E3818E74D4100B8083F /* CoreDataModel.xcdatamodeld in Sources */,
				661953AD18FBE5600000586E /* LanguageViewController.m in Sources */,
				66362EAC18F3232500921AB2 /* AFNetworkActivityIndicatorManager.m in Sources */,
				66362EB118F3232500921AB2 /* UIProgressView+AFNetworking.m in Sources */,
				66362E7218F2E9ED00921AB2 /* SsgCommunicatorDelegate_CreateIssue.m in Sources */,
				6681601B18FFB11C00F9FEC1 /* Faq.m in Sources */,
				6667C88818EC437800F84CBF /* CategoriesBuilder.m in Sources */,
				66362E9518F322DF00921AB2 /* AFSecurityPolicy.m in Sources */,
				66908D9E18E65C2800F0848E /* MainViewController.m in Sources */,
				664C8B9F18F434EF005BAD84 /* UIPlaceHolderTextView.m in Sources */,
				66DB730E18F29600008D2922 /* HelperFunctions.m in Sources */,
				6681601518FFAF4900F9FEC1 /* FaqTableViewCell.m in Sources */,
				66362EAD18F3232500921AB2 /* UIActivityIndicatorView+AFNetworking.m in Sources */,
				66908D9F18E65C2800F0848E /* SignUpEmailViewController.m in Sources */,
				66908DA018E65C2800F0848E /* DescriptionViewController.m in Sources */,
				663CE51C18E98BD400418F29 /* TileOverlay.m in Sources */,
				66362EB618F3235F00921AB2 /* AFAppDotNetAPIClient.m in Sources */,
				6681601E18FFC87500F9FEC1 /* FaqDetailsViewController.m in Sources */,
				624736481905183D003B4AC9 /* UIViewController+BackButtonHandler.m in Sources */,
				66908DA118E65C2800F0848E /* CameraViewController.m in Sources */,
				66908DA218E65C2800F0848E /* SettingsViewController.m in Sources */,
				66908DA318E65C2800F0848E /* MapViewController.m in Sources */,
				66D5ECD418EEB756009CD054 /* City.m in Sources */,
				66F4BF5618ED4D8C0090D776 /* CategoriesTableViewCell.m in Sources */,
				6676A11518FD304F00AD5558 /* Reachability.m in Sources */,
				664C8B9C18F419AC005BAD84 /* SsgCommunicatorDelegate_EmailSignUp.m in Sources */,
				66AD5E8318EEF216001596D0 /* FAImageView.m in Sources */,
				66908DA418E65C2800F0848E /* ShareViewController.m in Sources */,
				66AD5E9318EF32E3001596D0 /* SsgCommunicatorDelegate_EmailLogin.m in Sources */,
				66908DA518E65C2800F0848E /* CategoryViewController.m in Sources */,
				66362E9318F322DF00921AB2 /* AFHTTPSessionManager.m in Sources */,
				66AD5E8518EEF216001596D0 /* UIFont+FontAwesome.m in Sources */,
				6667C88518EC436C00F84CBF /* CitiesBuilder.m in Sources */,
				663DF8F618EC9A13009452B0 /* CitiesTableViewCell.m in Sources */,
				66AD5E8418EEF216001596D0 /* NSString+FontAwesome.m in Sources */,
				66908DA618E65C2800F0848E /* AppDelegate.m in Sources */,
				66F70AA018EBEF660034B7C1 /* CustomTextField.m in Sources */,
				66362E9718F322DF00921AB2 /* AFURLRequestSerialization.m in Sources */,
				663CE51D18E98BD400418F29 /* TileOverlayView.m in Sources */,
				66362EB318F3232500921AB2 /* UIWebView+AFNetworking.m in Sources */,
				66362E9818F322DF00921AB2 /* AFURLResponseSerialization.m in Sources */,
				661953BB18FC4C580000586E /* MCLocalization.m in Sources */,
				66362EAF18F3232500921AB2 /* UIButton+AFNetworking.m in Sources */,
				66AD5E9C18EF39B2001596D0 /* SubCategoryViewController.m in Sources */,
			);
			runOnlyForDeploymentPostprocessing = 0;
		};
		6607382B18E18492003EA07C /* Sources */ = {
			isa = PBXSourcesBuildPhase;
			buildActionMask = 2147483647;
			files = (
				6607383D18E18492003EA07C /* ssg_iosTests.m in Sources */,
			);
			runOnlyForDeploymentPostprocessing = 0;
		};
/* End PBXSourcesBuildPhase section */

/* Begin PBXTargetDependency section */
		6607383518E18492003EA07C /* PBXTargetDependency */ = {
			isa = PBXTargetDependency;
			target = 6607380D18E18491003EA07C /* ssg-ios */;
			targetProxy = 6607383418E18492003EA07C /* PBXContainerItemProxy */;
		};
/* End PBXTargetDependency section */

/* Begin XCBuildConfiguration section */
		6607383E18E18492003EA07C /* Debug */ = {
			isa = XCBuildConfiguration;
			buildSettings = {
				ALWAYS_SEARCH_USER_PATHS = NO;
				CLANG_CXX_LANGUAGE_STANDARD = "gnu++0x";
				CLANG_CXX_LIBRARY = "libc++";
				CLANG_ENABLE_MODULES = YES;
				CLANG_ENABLE_OBJC_ARC = YES;
				CLANG_WARN_BOOL_CONVERSION = YES;
				CLANG_WARN_CONSTANT_CONVERSION = YES;
				CLANG_WARN_DIRECT_OBJC_ISA_USAGE = YES_ERROR;
				CLANG_WARN_EMPTY_BODY = YES;
				CLANG_WARN_ENUM_CONVERSION = YES;
				CLANG_WARN_INT_CONVERSION = YES;
				CLANG_WARN_OBJC_ROOT_CLASS = YES_ERROR;
				CLANG_WARN__DUPLICATE_METHOD_MATCH = YES;
				"CODE_SIGN_IDENTITY[sdk=iphoneos*]" = "iPhone Developer";
				COPY_PHASE_STRIP = NO;
				GCC_C_LANGUAGE_STANDARD = gnu99;
				GCC_DYNAMIC_NO_PIC = NO;
				GCC_OPTIMIZATION_LEVEL = 0;
				GCC_PREPROCESSOR_DEFINITIONS = (
					"DEBUG=1",
					"$(inherited)",
				);
				GCC_SYMBOLS_PRIVATE_EXTERN = NO;
				GCC_WARN_64_TO_32_BIT_CONVERSION = YES;
				GCC_WARN_ABOUT_RETURN_TYPE = YES_ERROR;
				GCC_WARN_UNDECLARED_SELECTOR = YES;
				GCC_WARN_UNINITIALIZED_AUTOS = YES_AGGRESSIVE;
				GCC_WARN_UNUSED_FUNCTION = YES;
				GCC_WARN_UNUSED_VARIABLE = YES;
				IPHONEOS_DEPLOYMENT_TARGET = 7.1;
				ONLY_ACTIVE_ARCH = YES;
				SDKROOT = iphoneos;
			};
			name = Debug;
		};
		6607383F18E18492003EA07C /* Release */ = {
			isa = XCBuildConfiguration;
			buildSettings = {
				ALWAYS_SEARCH_USER_PATHS = NO;
				CLANG_CXX_LANGUAGE_STANDARD = "gnu++0x";
				CLANG_CXX_LIBRARY = "libc++";
				CLANG_ENABLE_MODULES = YES;
				CLANG_ENABLE_OBJC_ARC = YES;
				CLANG_WARN_BOOL_CONVERSION = YES;
				CLANG_WARN_CONSTANT_CONVERSION = YES;
				CLANG_WARN_DIRECT_OBJC_ISA_USAGE = YES_ERROR;
				CLANG_WARN_EMPTY_BODY = YES;
				CLANG_WARN_ENUM_CONVERSION = YES;
				CLANG_WARN_INT_CONVERSION = YES;
				CLANG_WARN_OBJC_ROOT_CLASS = YES_ERROR;
				CLANG_WARN__DUPLICATE_METHOD_MATCH = YES;
				"CODE_SIGN_IDENTITY[sdk=iphoneos*]" = "iPhone Developer";
				COPY_PHASE_STRIP = YES;
				ENABLE_NS_ASSERTIONS = NO;
				GCC_C_LANGUAGE_STANDARD = gnu99;
				GCC_WARN_64_TO_32_BIT_CONVERSION = YES;
				GCC_WARN_ABOUT_RETURN_TYPE = YES_ERROR;
				GCC_WARN_UNDECLARED_SELECTOR = YES;
				GCC_WARN_UNINITIALIZED_AUTOS = YES_AGGRESSIVE;
				GCC_WARN_UNUSED_FUNCTION = YES;
				GCC_WARN_UNUSED_VARIABLE = YES;
				IPHONEOS_DEPLOYMENT_TARGET = 7.1;
				SDKROOT = iphoneos;
				VALIDATE_PRODUCT = YES;
			};
			name = Release;
		};
		6607384118E18492003EA07C /* Debug */ = {
			isa = XCBuildConfiguration;
			buildSettings = {
				ASSETCATALOG_COMPILER_APPICON_NAME = AppIcon;
				ASSETCATALOG_COMPILER_LAUNCHIMAGE_NAME = LaunchImage;
				CODE_SIGN_IDENTITY = "iPhone Developer";
				FRAMEWORK_SEARCH_PATHS = (
					"$(inherited)",
					"$(PROJECT_DIR)",
					"$(DEVELOPER_FRAMEWORKS_DIR)",
				);
				GCC_PRECOMPILE_PREFIX_HEADER = YES;
				GCC_PREFIX_HEADER = "ssg-ios/ssg-ios-Prefix.pch";
				GCC_PREPROCESSOR_DEFINITIONS = (
					"DEBUG=1",
					"$(inherited)",
				);
				HEADER_SEARCH_PATHS = (
					"$(inherited)",
					/Applications/Xcode.app/Contents/Developer/Toolchains/XcodeDefault.xctoolchain/usr/include,
				);
				INFOPLIST_FILE = "ssg-ios/ssg-ios-Info.plist";
				LIBRARY_SEARCH_PATHS = (
					"$(inherited)",
					"$(PROJECT_DIR)",
					/Users/haris/Downloads,
					"$(SDKROOT)$(SYSTEM_LIBRARY_DIR)/Frameworks",
					"$(PROJECT_DIR)/ssg-ios",
				);
				OTHER_LDFLAGS = (
					"-all_load",
					"-ObjC",
				);
				PRODUCT_NAME = "$(TARGET_NAME)";
				WRAPPER_EXTENSION = app;
			};
			name = Debug;
		};
		6607384218E18492003EA07C /* Release */ = {
			isa = XCBuildConfiguration;
			buildSettings = {
				ASSETCATALOG_COMPILER_APPICON_NAME = AppIcon;
				ASSETCATALOG_COMPILER_LAUNCHIMAGE_NAME = LaunchImage;
				CODE_SIGN_IDENTITY = "iPhone Developer";
				FRAMEWORK_SEARCH_PATHS = (
					"$(inherited)",
					"$(PROJECT_DIR)",
					"$(DEVELOPER_FRAMEWORKS_DIR)",
				);
				GCC_PRECOMPILE_PREFIX_HEADER = YES;
				GCC_PREFIX_HEADER = "ssg-ios/ssg-ios-Prefix.pch";
				"GCC_PREPROCESSOR_DEFINITIONS[arch=*]" = "";
				HEADER_SEARCH_PATHS = (
					"$(inherited)",
					/Applications/Xcode.app/Contents/Developer/Toolchains/XcodeDefault.xctoolchain/usr/include,
				);
				INFOPLIST_FILE = "ssg-ios/ssg-ios-Info.plist";
				LIBRARY_SEARCH_PATHS = (
					"$(inherited)",
					"$(PROJECT_DIR)",
					/Users/haris/Downloads,
					"$(SDKROOT)$(SYSTEM_LIBRARY_DIR)/Frameworks",
					"$(PROJECT_DIR)/ssg-ios",
				);
				OTHER_LDFLAGS = (
					"-all_load",
					"-ObjC",
				);
				PRODUCT_NAME = "$(TARGET_NAME)";
				WRAPPER_EXTENSION = app;
			};
			name = Release;
		};
		6607384418E18492003EA07C /* Debug */ = {
			isa = XCBuildConfiguration;
			buildSettings = {
				BUNDLE_LOADER = "$(BUILT_PRODUCTS_DIR)/ssg-ios.app/ssg-ios";
				FRAMEWORK_SEARCH_PATHS = (
					"$(SDKROOT)/Developer/Library/Frameworks",
					"$(inherited)",
					"$(DEVELOPER_FRAMEWORKS_DIR)",
				);
				GCC_PRECOMPILE_PREFIX_HEADER = YES;
				GCC_PREFIX_HEADER = "ssg-ios/ssg-ios-Prefix.pch";
				GCC_PREPROCESSOR_DEFINITIONS = (
					"DEBUG=1",
					"$(inherited)",
				);
				INFOPLIST_FILE = "ssg-iosTests/ssg-iosTests-Info.plist";
				PRODUCT_NAME = "$(TARGET_NAME)";
				TEST_HOST = "$(BUNDLE_LOADER)";
				WRAPPER_EXTENSION = xctest;
			};
			name = Debug;
		};
		6607384518E18492003EA07C /* Release */ = {
			isa = XCBuildConfiguration;
			buildSettings = {
				BUNDLE_LOADER = "$(BUILT_PRODUCTS_DIR)/ssg-ios.app/ssg-ios";
				FRAMEWORK_SEARCH_PATHS = (
					"$(SDKROOT)/Developer/Library/Frameworks",
					"$(inherited)",
					"$(DEVELOPER_FRAMEWORKS_DIR)",
				);
				GCC_PRECOMPILE_PREFIX_HEADER = YES;
				GCC_PREFIX_HEADER = "ssg-ios/ssg-ios-Prefix.pch";
				INFOPLIST_FILE = "ssg-iosTests/ssg-iosTests-Info.plist";
				PRODUCT_NAME = "$(TARGET_NAME)";
				TEST_HOST = "$(BUNDLE_LOADER)";
				WRAPPER_EXTENSION = xctest;
			};
			name = Release;
		};
/* End XCBuildConfiguration section */

/* Begin XCConfigurationList section */
		6607380918E18491003EA07C /* Build configuration list for PBXProject "ssg-ios" */ = {
			isa = XCConfigurationList;
			buildConfigurations = (
				6607383E18E18492003EA07C /* Debug */,
				6607383F18E18492003EA07C /* Release */,
			);
			defaultConfigurationIsVisible = 0;
			defaultConfigurationName = Release;
		};
		6607384018E18492003EA07C /* Build configuration list for PBXNativeTarget "ssg-ios" */ = {
			isa = XCConfigurationList;
			buildConfigurations = (
				6607384118E18492003EA07C /* Debug */,
				6607384218E18492003EA07C /* Release */,
			);
			defaultConfigurationIsVisible = 0;
			defaultConfigurationName = Release;
		};
		6607384318E18492003EA07C /* Build configuration list for PBXNativeTarget "ssg-iosTests" */ = {
			isa = XCConfigurationList;
			buildConfigurations = (
				6607384418E18492003EA07C /* Debug */,
				6607384518E18492003EA07C /* Release */,
			);
			defaultConfigurationIsVisible = 0;
			defaultConfigurationName = Release;
		};
/* End XCConfigurationList section */

/* Begin XCVersionGroup section */
		664F2E3618E74D4100B8083F /* CoreDataModel.xcdatamodeld */ = {
			isa = XCVersionGroup;
			children = (
				664F2E3718E74D4100B8083F /* CoreDataModel.xcdatamodel */,
			);
			currentVersion = 664F2E3718E74D4100B8083F /* CoreDataModel.xcdatamodel */;
			path = CoreDataModel.xcdatamodeld;
			sourceTree = "<group>";
			versionGroupType = wrapper.xcdatamodel;
		};
/* End XCVersionGroup section */
	};
	rootObject = 6607380618E18491003EA07C /* Project object */;
}
