// !$*UTF8*$!
{
	archiveVersion = 1;
	classes = {
	};
	objectVersion = 46;
	objects = {

/* Begin PBXBuildFile section */
		6607381C18E18491003EA07C /* InfoPlist.strings in Resources */ = {isa = PBXBuildFile; fileRef = 6607381A18E18491003EA07C /* InfoPlist.strings */; };
		6607382518E18491003EA07C /* Main.storyboard in Resources */ = {isa = PBXBuildFile; fileRef = 6607382318E18491003EA07C /* Main.storyboard */; };
		6607382A18E18491003EA07C /* Images.xcassets in Resources */ = {isa = PBXBuildFile; fileRef = 6607382918E18491003EA07C /* Images.xcassets */; };
		6607383118E18492003EA07C /* XCTest.framework in Frameworks */ = {isa = PBXBuildFile; fileRef = 6607383018E18492003EA07C /* XCTest.framework */; };
		6607383218E18492003EA07C /* Foundation.framework in Frameworks */ = {isa = PBXBuildFile; fileRef = 6607381118E18491003EA07C /* Foundation.framework */; };
		6607383318E18492003EA07C /* UIKit.framework in Frameworks */ = {isa = PBXBuildFile; fileRef = 6607381518E18491003EA07C /* UIKit.framework */; };
		6607383B18E18492003EA07C /* InfoPlist.strings in Resources */ = {isa = PBXBuildFile; fileRef = 6607383918E18492003EA07C /* InfoPlist.strings */; };
		6607383D18E18492003EA07C /* ssg_iosTests.m in Sources */ = {isa = PBXBuildFile; fileRef = 6607383C18E18492003EA07C /* ssg_iosTests.m */; };
		663931D818EC3C610072513A /* User.m in Sources */ = {isa = PBXBuildFile; fileRef = 663931D718EC3C610072513A /* User.m */; };
		663931DB18EC3C620072513A /* Categories.m in Sources */ = {isa = PBXBuildFile; fileRef = 663931DA18EC3C620072513A /* Categories.m */; };
		663931DE18EC3C620072513A /* Issue.m in Sources */ = {isa = PBXBuildFile; fileRef = 663931DD18EC3C620072513A /* Issue.m */; };
		663931E118EC3C620072513A /* City.m in Sources */ = {isa = PBXBuildFile; fileRef = 663931E018EC3C620072513A /* City.m */; };
		663CE51618E988D900418F29 /* MapKit.framework in Frameworks */ = {isa = PBXBuildFile; fileRef = 663CE51518E988D900418F29 /* MapKit.framework */; };
		663CE51C18E98BD400418F29 /* TileOverlay.m in Sources */ = {isa = PBXBuildFile; fileRef = 663CE51918E98BD400418F29 /* TileOverlay.m */; };
		663CE51D18E98BD400418F29 /* TileOverlayView.m in Sources */ = {isa = PBXBuildFile; fileRef = 663CE51B18E98BD400418F29 /* TileOverlayView.m */; };
		663DF8F618EC9A13009452B0 /* CitiesTableViewCell.m in Sources */ = {isa = PBXBuildFile; fileRef = 663DF8F518EC9A13009452B0 /* CitiesTableViewCell.m */; };
		664F2E3518E74B9700B8083F /* SyncData.m in Sources */ = {isa = PBXBuildFile; fileRef = 664F2E3418E74B9700B8083F /* SyncData.m */; };
		664F2E3818E74D4100B8083F /* CoreDataModel.xcdatamodeld in Sources */ = {isa = PBXBuildFile; fileRef = 664F2E3618E74D4100B8083F /* CoreDataModel.xcdatamodeld */; };
		6667C88218EC410000F84CBF /* SsgCommunicator.m in Sources */ = {isa = PBXBuildFile; fileRef = 6667C88118EC410000F84CBF /* SsgCommunicator.m */; };
		6667C88518EC436C00F84CBF /* CitiesBuilder.m in Sources */ = {isa = PBXBuildFile; fileRef = 6667C88418EC436C00F84CBF /* CitiesBuilder.m */; };
		6667C88818EC437800F84CBF /* CategoriesBuilder.m in Sources */ = {isa = PBXBuildFile; fileRef = 6667C88718EC437800F84CBF /* CategoriesBuilder.m */; };
		6667C88B18EC442B00F84CBF /* Builder.m in Sources */ = {isa = PBXBuildFile; fileRef = 6667C88A18EC442B00F84CBF /* Builder.m */; };
		668C94C418EA9FDA0073D1A4 /* libsqlite3.dylib in Frameworks */ = {isa = PBXBuildFile; fileRef = 668C94C318EA9FDA0073D1A4 /* libsqlite3.dylib */; };
		66908D9D18E65C2800F0848E /* LoginViewController.m in Sources */ = {isa = PBXBuildFile; fileRef = 6607384A18E190C9003EA07C /* LoginViewController.m */; };
		66908D9E18E65C2800F0848E /* MainViewController.m in Sources */ = {isa = PBXBuildFile; fileRef = 6607384D18E1949C003EA07C /* MainViewController.m */; };
		66908D9F18E65C2800F0848E /* SignUpEmailViewController.m in Sources */ = {isa = PBXBuildFile; fileRef = 6618299C18E4CC1A0088AB34 /* SignUpEmailViewController.m */; };
		66908DA018E65C2800F0848E /* DescriptionViewController.m in Sources */ = {isa = PBXBuildFile; fileRef = 6618299F18E4D40F0088AB34 /* DescriptionViewController.m */; };
		66908DA118E65C2800F0848E /* CameraViewController.m in Sources */ = {isa = PBXBuildFile; fileRef = 66C4945C18E4E0A0009DFDFC /* CameraViewController.m */; };
		66908DA218E65C2800F0848E /* SettingsViewController.m in Sources */ = {isa = PBXBuildFile; fileRef = 664802D118E50FAE007B23EB /* SettingsViewController.m */; };
		66908DA318E65C2800F0848E /* MapViewController.m in Sources */ = {isa = PBXBuildFile; fileRef = 664802D418E51166007B23EB /* MapViewController.m */; };
		66908DA418E65C2800F0848E /* ShareViewController.m in Sources */ = {isa = PBXBuildFile; fileRef = 664802D918E5174D007B23EB /* ShareViewController.m */; };
		66908DA518E65C2800F0848E /* CategoryViewController.m in Sources */ = {isa = PBXBuildFile; fileRef = 66C9BA8E18E5CD0500C4D747 /* CategoryViewController.m */; };
		66908DA618E65C2800F0848E /* AppDelegate.m in Sources */ = {isa = PBXBuildFile; fileRef = 6607382118E18491003EA07C /* AppDelegate.m */; };
		66908DA718E65CBF00F0848E /* QuartzCore.framework in Frameworks */ = {isa = PBXBuildFile; fileRef = 66908D8F18E6591A00F0848E /* QuartzCore.framework */; };
		66908DA818E65CC500F0848E /* CoreLocation.framework in Frameworks */ = {isa = PBXBuildFile; fileRef = 66908D8D18E6590900F0848E /* CoreLocation.framework */; };
		66908DA918E65CE200F0848E /* CoreGraphics.framework in Frameworks */ = {isa = PBXBuildFile; fileRef = 6607381318E18491003EA07C /* CoreGraphics.framework */; };
		66908DAC18E65E1000F0848E /* FacebookSDK.framework in Frameworks */ = {isa = PBXBuildFile; fileRef = 6607384618E18772003EA07C /* FacebookSDK.framework */; };
		66908DAD18E65E8F00F0848E /* main.m in Sources */ = {isa = PBXBuildFile; fileRef = 6607381D18E18491003EA07C /* main.m */; };
		66908EBE18E66B5300F0848E /* libz.dylib in Frameworks */ = {isa = PBXBuildFile; fileRef = 66908EBD18E66B5300F0848E /* libz.dylib */; };
		66908EC218E7002000F0848E /* GoogleMaps.framework in Frameworks */ = {isa = PBXBuildFile; fileRef = 66908EC118E7002000F0848E /* GoogleMaps.framework */; };
		66908EC418E7005100F0848E /* AVFoundation.framework in Frameworks */ = {isa = PBXBuildFile; fileRef = 66908EC318E7005100F0848E /* AVFoundation.framework */; };
		66908EC618E7006600F0848E /* CoreData.framework in Frameworks */ = {isa = PBXBuildFile; fileRef = 66908EC518E7006600F0848E /* CoreData.framework */; };
		66908EC818E7007000F0848E /* CoreText.framework in Frameworks */ = {isa = PBXBuildFile; fileRef = 66908EC718E7007000F0848E /* CoreText.framework */; };
		66908ECA18E7007A00F0848E /* GLKit.framework in Frameworks */ = {isa = PBXBuildFile; fileRef = 66908EC918E7007A00F0848E /* GLKit.framework */; };
		66908ECC18E7008400F0848E /* ImageIO.framework in Frameworks */ = {isa = PBXBuildFile; fileRef = 66908ECB18E7008400F0848E /* ImageIO.framework */; };
		66908ECE18E7009800F0848E /* libc++.dylib in Frameworks */ = {isa = PBXBuildFile; fileRef = 66908ECD18E7009800F0848E /* libc++.dylib */; };
		66908ED018E700A600F0848E /* libicucore.dylib in Frameworks */ = {isa = PBXBuildFile; fileRef = 66908ECF18E700A600F0848E /* libicucore.dylib */; };
		66908ED218E700BB00F0848E /* OpenGLES.framework in Frameworks */ = {isa = PBXBuildFile; fileRef = 66908ED118E700BB00F0848E /* OpenGLES.framework */; };
		66908ED418E700CC00F0848E /* SystemConfiguration.framework in Frameworks */ = {isa = PBXBuildFile; fileRef = 66908ED318E700CC00F0848E /* SystemConfiguration.framework */; };
		66908ED818E7042F00F0848E /* GoogleMaps.bundle in Resources */ = {isa = PBXBuildFile; fileRef = 66908ED718E7042F00F0848E /* GoogleMaps.bundle */; };
		66F4BF4D18ECA4410090D776 /* CitiesViewController.m in Sources */ = {isa = PBXBuildFile; fileRef = 66F4BF4C18ECA4410090D776 /* CitiesViewController.m */; };
		66F4BF5018ECA5AB0090D776 /* TableViewControllerTest.m in Sources */ = {isa = PBXBuildFile; fileRef = 66F4BF4F18ECA5AB0090D776 /* TableViewControllerTest.m */; };
		66F4BF5318ECA9E20090D776 /* Endpoints.m in Sources */ = {isa = PBXBuildFile; fileRef = 66F4BF5218ECA9E20090D776 /* Endpoints.m */; };
		66F70A9A18EB53270034B7C1 /* FuturaStd-Heavy.otf in Resources */ = {isa = PBXBuildFile; fileRef = 66F70A9918EB53270034B7C1 /* FuturaStd-Heavy.otf */; };
		66F70A9C18EB53410034B7C1 /* FuturaStd-Light.otf in Resources */ = {isa = PBXBuildFile; fileRef = 66F70A9B18EB53410034B7C1 /* FuturaStd-Light.otf */; };
		66F70AA018EBEF660034B7C1 /* CustomTextField.m in Sources */ = {isa = PBXBuildFile; fileRef = 66F70A9F18EBEF660034B7C1 /* CustomTextField.m */; };
/* End PBXBuildFile section */

/* Begin PBXContainerItemProxy section */
		6607383418E18492003EA07C /* PBXContainerItemProxy */ = {
			isa = PBXContainerItemProxy;
			containerPortal = 6607380618E18491003EA07C /* Project object */;
			proxyType = 1;
			remoteGlobalIDString = 6607380D18E18491003EA07C;
			remoteInfo = "ssg-ios";
		};
/* End PBXContainerItemProxy section */

/* Begin PBXFileReference section */
		6607380E18E18491003EA07C /* ssg-ios.app */ = {isa = PBXFileReference; explicitFileType = wrapper.application; includeInIndex = 0; path = "ssg-ios.app"; sourceTree = BUILT_PRODUCTS_DIR; };
		6607381118E18491003EA07C /* Foundation.framework */ = {isa = PBXFileReference; lastKnownFileType = wrapper.framework; name = Foundation.framework; path = System/Library/Frameworks/Foundation.framework; sourceTree = SDKROOT; };
		6607381318E18491003EA07C /* CoreGraphics.framework */ = {isa = PBXFileReference; lastKnownFileType = wrapper.framework; name = CoreGraphics.framework; path = System/Library/Frameworks/CoreGraphics.framework; sourceTree = SDKROOT; };
		6607381518E18491003EA07C /* UIKit.framework */ = {isa = PBXFileReference; lastKnownFileType = wrapper.framework; name = UIKit.framework; path = System/Library/Frameworks/UIKit.framework; sourceTree = SDKROOT; };
		6607381918E18491003EA07C /* ssg-ios-Info.plist */ = {isa = PBXFileReference; lastKnownFileType = text.plist.xml; path = "ssg-ios-Info.plist"; sourceTree = "<group>"; };
		6607381B18E18491003EA07C /* en */ = {isa = PBXFileReference; lastKnownFileType = text.plist.strings; name = en; path = en.lproj/InfoPlist.strings; sourceTree = "<group>"; };
		6607381D18E18491003EA07C /* main.m */ = {isa = PBXFileReference; lastKnownFileType = sourcecode.c.objc; path = main.m; sourceTree = "<group>"; };
		6607381F18E18491003EA07C /* ssg-ios-Prefix.pch */ = {isa = PBXFileReference; lastKnownFileType = sourcecode.c.h; path = "ssg-ios-Prefix.pch"; sourceTree = "<group>"; };
		6607382018E18491003EA07C /* AppDelegate.h */ = {isa = PBXFileReference; lastKnownFileType = sourcecode.c.h; path = AppDelegate.h; sourceTree = "<group>"; };
		6607382118E18491003EA07C /* AppDelegate.m */ = {isa = PBXFileReference; lastKnownFileType = sourcecode.c.objc; path = AppDelegate.m; sourceTree = "<group>"; };
		6607382418E18491003EA07C /* Base */ = {isa = PBXFileReference; lastKnownFileType = file.storyboard; name = Base; path = Base.lproj/Main.storyboard; sourceTree = "<group>"; };
		6607382918E18491003EA07C /* Images.xcassets */ = {isa = PBXFileReference; lastKnownFileType = folder.assetcatalog; path = Images.xcassets; sourceTree = "<group>"; };
		6607382F18E18492003EA07C /* ssg-iosTests.xctest */ = {isa = PBXFileReference; explicitFileType = wrapper.cfbundle; includeInIndex = 0; path = "ssg-iosTests.xctest"; sourceTree = BUILT_PRODUCTS_DIR; };
		6607383018E18492003EA07C /* XCTest.framework */ = {isa = PBXFileReference; lastKnownFileType = wrapper.framework; name = XCTest.framework; path = Library/Frameworks/XCTest.framework; sourceTree = DEVELOPER_DIR; };
		6607383818E18492003EA07C /* ssg-iosTests-Info.plist */ = {isa = PBXFileReference; lastKnownFileType = text.plist.xml; path = "ssg-iosTests-Info.plist"; sourceTree = "<group>"; };
		6607383A18E18492003EA07C /* en */ = {isa = PBXFileReference; lastKnownFileType = text.plist.strings; name = en; path = en.lproj/InfoPlist.strings; sourceTree = "<group>"; };
		6607383C18E18492003EA07C /* ssg_iosTests.m */ = {isa = PBXFileReference; lastKnownFileType = sourcecode.c.objc; path = ssg_iosTests.m; sourceTree = "<group>"; };
		6607384618E18772003EA07C /* FacebookSDK.framework */ = {isa = PBXFileReference; lastKnownFileType = wrapper.framework; path = FacebookSDK.framework; sourceTree = "<group>"; };
		6607384918E190C9003EA07C /* LoginViewController.h */ = {isa = PBXFileReference; fileEncoding = 4; lastKnownFileType = sourcecode.c.h; path = LoginViewController.h; sourceTree = "<group>"; };
		6607384A18E190C9003EA07C /* LoginViewController.m */ = {isa = PBXFileReference; fileEncoding = 4; lastKnownFileType = sourcecode.c.objc; path = LoginViewController.m; sourceTree = "<group>"; };
		6607384C18E1949C003EA07C /* MainViewController.h */ = {isa = PBXFileReference; fileEncoding = 4; lastKnownFileType = sourcecode.c.h; path = MainViewController.h; sourceTree = "<group>"; };
		6607384D18E1949C003EA07C /* MainViewController.m */ = {isa = PBXFileReference; fileEncoding = 4; lastKnownFileType = sourcecode.c.objc; path = MainViewController.m; sourceTree = "<group>"; };
		6618299B18E4CC1A0088AB34 /* SignUpEmailViewController.h */ = {isa = PBXFileReference; fileEncoding = 4; lastKnownFileType = sourcecode.c.h; path = SignUpEmailViewController.h; sourceTree = "<group>"; };
		6618299C18E4CC1A0088AB34 /* SignUpEmailViewController.m */ = {isa = PBXFileReference; fileEncoding = 4; lastKnownFileType = sourcecode.c.objc; path = SignUpEmailViewController.m; sourceTree = "<group>"; };
		6618299E18E4D40F0088AB34 /* DescriptionViewController.h */ = {isa = PBXFileReference; fileEncoding = 4; lastKnownFileType = sourcecode.c.h; path = DescriptionViewController.h; sourceTree = "<group>"; };
		6618299F18E4D40F0088AB34 /* DescriptionViewController.m */ = {isa = PBXFileReference; fileEncoding = 4; lastKnownFileType = sourcecode.c.objc; path = DescriptionViewController.m; sourceTree = "<group>"; };
		663931D618EC3C610072513A /* User.h */ = {isa = PBXFileReference; fileEncoding = 4; lastKnownFileType = sourcecode.c.h; path = User.h; sourceTree = "<group>"; };
		663931D718EC3C610072513A /* User.m */ = {isa = PBXFileReference; fileEncoding = 4; lastKnownFileType = sourcecode.c.objc; path = User.m; sourceTree = "<group>"; };
		663931D918EC3C620072513A /* Categories.h */ = {isa = PBXFileReference; fileEncoding = 4; lastKnownFileType = sourcecode.c.h; path = Categories.h; sourceTree = "<group>"; };
		663931DA18EC3C620072513A /* Categories.m */ = {isa = PBXFileReference; fileEncoding = 4; lastKnownFileType = sourcecode.c.objc; path = Categories.m; sourceTree = "<group>"; };
		663931DC18EC3C620072513A /* Issue.h */ = {isa = PBXFileReference; fileEncoding = 4; lastKnownFileType = sourcecode.c.h; path = Issue.h; sourceTree = "<group>"; };
		663931DD18EC3C620072513A /* Issue.m */ = {isa = PBXFileReference; fileEncoding = 4; lastKnownFileType = sourcecode.c.objc; path = Issue.m; sourceTree = "<group>"; };
		663931DF18EC3C620072513A /* City.h */ = {isa = PBXFileReference; fileEncoding = 4; lastKnownFileType = sourcecode.c.h; path = City.h; sourceTree = "<group>"; };
		663931E018EC3C620072513A /* City.m */ = {isa = PBXFileReference; fileEncoding = 4; lastKnownFileType = sourcecode.c.objc; path = City.m; sourceTree = "<group>"; };
		663CE51518E988D900418F29 /* MapKit.framework */ = {isa = PBXFileReference; lastKnownFileType = wrapper.framework; name = MapKit.framework; path = System/Library/Frameworks/MapKit.framework; sourceTree = SDKROOT; };
		663CE51818E98BD400418F29 /* TileOverlay.h */ = {isa = PBXFileReference; fileEncoding = 4; lastKnownFileType = sourcecode.c.h; path = TileOverlay.h; sourceTree = "<group>"; };
		663CE51918E98BD400418F29 /* TileOverlay.m */ = {isa = PBXFileReference; fileEncoding = 4; lastKnownFileType = sourcecode.c.objc; path = TileOverlay.m; sourceTree = "<group>"; };
		663CE51A18E98BD400418F29 /* TileOverlayView.h */ = {isa = PBXFileReference; fileEncoding = 4; lastKnownFileType = sourcecode.c.h; path = TileOverlayView.h; sourceTree = "<group>"; };
		663CE51B18E98BD400418F29 /* TileOverlayView.m */ = {isa = PBXFileReference; fileEncoding = 4; lastKnownFileType = sourcecode.c.objc; path = TileOverlayView.m; sourceTree = "<group>"; };
		663DF8F418EC9A13009452B0 /* CitiesTableViewCell.h */ = {isa = PBXFileReference; fileEncoding = 4; lastKnownFileType = sourcecode.c.h; path = CitiesTableViewCell.h; sourceTree = "<group>"; };
		663DF8F518EC9A13009452B0 /* CitiesTableViewCell.m */ = {isa = PBXFileReference; fileEncoding = 4; lastKnownFileType = sourcecode.c.objc; path = CitiesTableViewCell.m; sourceTree = "<group>"; };
		664802D018E50FAE007B23EB /* SettingsViewController.h */ = {isa = PBXFileReference; fileEncoding = 4; lastKnownFileType = sourcecode.c.h; path = SettingsViewController.h; sourceTree = "<group>"; };
		664802D118E50FAE007B23EB /* SettingsViewController.m */ = {isa = PBXFileReference; fileEncoding = 4; lastKnownFileType = sourcecode.c.objc; path = SettingsViewController.m; sourceTree = "<group>"; };
		664802D318E51166007B23EB /* MapViewController.h */ = {isa = PBXFileReference; fileEncoding = 4; lastKnownFileType = sourcecode.c.h; path = MapViewController.h; sourceTree = "<group>"; };
		664802D418E51166007B23EB /* MapViewController.m */ = {isa = PBXFileReference; fileEncoding = 4; lastKnownFileType = sourcecode.c.objc; path = MapViewController.m; sourceTree = "<group>"; };
		664802D818E5174D007B23EB /* ShareViewController.h */ = {isa = PBXFileReference; fileEncoding = 4; lastKnownFileType = sourcecode.c.h; path = ShareViewController.h; sourceTree = "<group>"; };
		664802D918E5174D007B23EB /* ShareViewController.m */ = {isa = PBXFileReference; fileEncoding = 4; lastKnownFileType = sourcecode.c.objc; path = ShareViewController.m; sourceTree = "<group>"; };
		664F2E3318E74B9700B8083F /* SyncData.h */ = {isa = PBXFileReference; fileEncoding = 4; lastKnownFileType = sourcecode.c.h; path = SyncData.h; sourceTree = "<group>"; };
		664F2E3418E74B9700B8083F /* SyncData.m */ = {isa = PBXFileReference; fileEncoding = 4; lastKnownFileType = sourcecode.c.objc; path = SyncData.m; sourceTree = "<group>"; };
		664F2E3718E74D4100B8083F /* CoreDataModel.xcdatamodel */ = {isa = PBXFileReference; lastKnownFileType = wrapper.xcdatamodel; path = CoreDataModel.xcdatamodel; sourceTree = "<group>"; };
		6667C87F18EC402000F84CBF /* SsgCommunicatorDelegate.h */ = {isa = PBXFileReference; lastKnownFileType = sourcecode.c.h; path = SsgCommunicatorDelegate.h; sourceTree = "<group>"; };
		6667C88018EC410000F84CBF /* SsgCommunicator.h */ = {isa = PBXFileReference; fileEncoding = 4; lastKnownFileType = sourcecode.c.h; path = SsgCommunicator.h; sourceTree = "<group>"; };
		6667C88118EC410000F84CBF /* SsgCommunicator.m */ = {isa = PBXFileReference; fileEncoding = 4; lastKnownFileType = sourcecode.c.objc; path = SsgCommunicator.m; sourceTree = "<group>"; };
		6667C88318EC436C00F84CBF /* CitiesBuilder.h */ = {isa = PBXFileReference; fileEncoding = 4; lastKnownFileType = sourcecode.c.h; path = CitiesBuilder.h; sourceTree = "<group>"; };
		6667C88418EC436C00F84CBF /* CitiesBuilder.m */ = {isa = PBXFileReference; fileEncoding = 4; lastKnownFileType = sourcecode.c.objc; path = CitiesBuilder.m; sourceTree = "<group>"; };
		6667C88618EC437800F84CBF /* CategoriesBuilder.h */ = {isa = PBXFileReference; fileEncoding = 4; lastKnownFileType = sourcecode.c.h; path = CategoriesBuilder.h; sourceTree = "<group>"; };
		6667C88718EC437800F84CBF /* CategoriesBuilder.m */ = {isa = PBXFileReference; fileEncoding = 4; lastKnownFileType = sourcecode.c.objc; path = CategoriesBuilder.m; sourceTree = "<group>"; };
		6667C88918EC442B00F84CBF /* Builder.h */ = {isa = PBXFileReference; fileEncoding = 4; lastKnownFileType = sourcecode.c.h; path = Builder.h; sourceTree = "<group>"; };
		6667C88A18EC442B00F84CBF /* Builder.m */ = {isa = PBXFileReference; fileEncoding = 4; lastKnownFileType = sourcecode.c.objc; path = Builder.m; sourceTree = "<group>"; };
		668C94C318EA9FDA0073D1A4 /* libsqlite3.dylib */ = {isa = PBXFileReference; lastKnownFileType = "compiled.mach-o.dylib"; name = libsqlite3.dylib; path = System/Library/Frameworks/libsqlite3.dylib; sourceTree = SDKROOT; };
		66908D8D18E6590900F0848E /* CoreLocation.framework */ = {isa = PBXFileReference; lastKnownFileType = wrapper.framework; name = CoreLocation.framework; path = System/Library/Frameworks/CoreLocation.framework; sourceTree = SDKROOT; };
		66908D8F18E6591A00F0848E /* QuartzCore.framework */ = {isa = PBXFileReference; lastKnownFileType = wrapper.framework; name = QuartzCore.framework; path = System/Library/Frameworks/QuartzCore.framework; sourceTree = SDKROOT; };
		66908EBD18E66B5300F0848E /* libz.dylib */ = {isa = PBXFileReference; lastKnownFileType = "compiled.mach-o.dylib"; name = libz.dylib; path = usr/lib/libz.dylib; sourceTree = SDKROOT; };
		66908EC118E7002000F0848E /* GoogleMaps.framework */ = {isa = PBXFileReference; lastKnownFileType = wrapper.framework; path = GoogleMaps.framework; sourceTree = "<group>"; };
		66908EC318E7005100F0848E /* AVFoundation.framework */ = {isa = PBXFileReference; lastKnownFileType = wrapper.framework; name = AVFoundation.framework; path = System/Library/Frameworks/AVFoundation.framework; sourceTree = SDKROOT; };
		66908EC518E7006600F0848E /* CoreData.framework */ = {isa = PBXFileReference; lastKnownFileType = wrapper.framework; name = CoreData.framework; path = System/Library/Frameworks/CoreData.framework; sourceTree = SDKROOT; };
		66908EC718E7007000F0848E /* CoreText.framework */ = {isa = PBXFileReference; lastKnownFileType = wrapper.framework; name = CoreText.framework; path = System/Library/Frameworks/CoreText.framework; sourceTree = SDKROOT; };
		66908EC918E7007A00F0848E /* GLKit.framework */ = {isa = PBXFileReference; lastKnownFileType = wrapper.framework; name = GLKit.framework; path = System/Library/Frameworks/GLKit.framework; sourceTree = SDKROOT; };
		66908ECB18E7008400F0848E /* ImageIO.framework */ = {isa = PBXFileReference; lastKnownFileType = wrapper.framework; name = ImageIO.framework; path = System/Library/Frameworks/ImageIO.framework; sourceTree = SDKROOT; };
		66908ECD18E7009800F0848E /* libc++.dylib */ = {isa = PBXFileReference; lastKnownFileType = "compiled.mach-o.dylib"; name = "libc++.dylib"; path = "usr/lib/libc++.dylib"; sourceTree = SDKROOT; };
		66908ECF18E700A600F0848E /* libicucore.dylib */ = {isa = PBXFileReference; lastKnownFileType = "compiled.mach-o.dylib"; name = libicucore.dylib; path = usr/lib/libicucore.dylib; sourceTree = SDKROOT; };
		66908ED118E700BB00F0848E /* OpenGLES.framework */ = {isa = PBXFileReference; lastKnownFileType = wrapper.framework; name = OpenGLES.framework; path = System/Library/Frameworks/OpenGLES.framework; sourceTree = SDKROOT; };
		66908ED318E700CC00F0848E /* SystemConfiguration.framework */ = {isa = PBXFileReference; lastKnownFileType = wrapper.framework; name = SystemConfiguration.framework; path = System/Library/Frameworks/SystemConfiguration.framework; sourceTree = SDKROOT; };
		66908ED718E7042F00F0848E /* GoogleMaps.bundle */ = {isa = PBXFileReference; lastKnownFileType = "wrapper.plug-in"; name = GoogleMaps.bundle; path = GoogleMaps.framework/Versions/A/Resources/GoogleMaps.bundle; sourceTree = "<group>"; };
		66C4945B18E4E0A0009DFDFC /* CameraViewController.h */ = {isa = PBXFileReference; fileEncoding = 4; lastKnownFileType = sourcecode.c.h; path = CameraViewController.h; sourceTree = "<group>"; };
		66C4945C18E4E0A0009DFDFC /* CameraViewController.m */ = {isa = PBXFileReference; fileEncoding = 4; lastKnownFileType = sourcecode.c.objc; path = CameraViewController.m; sourceTree = "<group>"; };
		66C9BA8D18E5CD0500C4D747 /* CategoryViewController.h */ = {isa = PBXFileReference; fileEncoding = 4; lastKnownFileType = sourcecode.c.h; path = CategoryViewController.h; sourceTree = "<group>"; };
		66C9BA8E18E5CD0500C4D747 /* CategoryViewController.m */ = {isa = PBXFileReference; fileEncoding = 4; lastKnownFileType = sourcecode.c.objc; path = CategoryViewController.m; sourceTree = "<group>"; };
		66F4BF4B18ECA4410090D776 /* CitiesViewController.h */ = {isa = PBXFileReference; fileEncoding = 4; lastKnownFileType = sourcecode.c.h; path = CitiesViewController.h; sourceTree = "<group>"; };
		66F4BF4C18ECA4410090D776 /* CitiesViewController.m */ = {isa = PBXFileReference; fileEncoding = 4; lastKnownFileType = sourcecode.c.objc; path = CitiesViewController.m; sourceTree = "<group>"; };
		66F4BF4E18ECA5AB0090D776 /* TableViewControllerTest.h */ = {isa = PBXFileReference; fileEncoding = 4; lastKnownFileType = sourcecode.c.h; path = TableViewControllerTest.h; sourceTree = "<group>"; };
		66F4BF4F18ECA5AB0090D776 /* TableViewControllerTest.m */ = {isa = PBXFileReference; fileEncoding = 4; lastKnownFileType = sourcecode.c.objc; path = TableViewControllerTest.m; sourceTree = "<group>"; };
		66F4BF5118ECA9E20090D776 /* Endpoints.h */ = {isa = PBXFileReference; fileEncoding = 4; lastKnownFileType = sourcecode.c.h; path = Endpoints.h; sourceTree = "<group>"; };
		66F4BF5218ECA9E20090D776 /* Endpoints.m */ = {isa = PBXFileReference; fileEncoding = 4; lastKnownFileType = sourcecode.c.objc; path = Endpoints.m; sourceTree = "<group>"; };
		66F70A9918EB53270034B7C1 /* FuturaStd-Heavy.otf */ = {isa = PBXFileReference; lastKnownFileType = file; path = "FuturaStd-Heavy.otf"; sourceTree = "<group>"; };
		66F70A9B18EB53410034B7C1 /* FuturaStd-Light.otf */ = {isa = PBXFileReference; lastKnownFileType = file; path = "FuturaStd-Light.otf"; sourceTree = "<group>"; };
		66F70A9E18EBEF660034B7C1 /* CustomTextField.h */ = {isa = PBXFileReference; fileEncoding = 4; lastKnownFileType = sourcecode.c.h; path = CustomTextField.h; sourceTree = "<group>"; };
		66F70A9F18EBEF660034B7C1 /* CustomTextField.m */ = {isa = PBXFileReference; fileEncoding = 4; lastKnownFileType = sourcecode.c.objc; path = CustomTextField.m; sourceTree = "<group>"; };
/* End PBXFileReference section */

/* Begin PBXFrameworksBuildPhase section */
		6607382C18E18492003EA07C /* Frameworks */ = {
			isa = PBXFrameworksBuildPhase;
			buildActionMask = 2147483647;
			files = (
				6607383118E18492003EA07C /* XCTest.framework in Frameworks */,
				6607383318E18492003EA07C /* UIKit.framework in Frameworks */,
				6607383218E18492003EA07C /* Foundation.framework in Frameworks */,
			);
			runOnlyForDeploymentPostprocessing = 0;
		};
		66908D9518E65B7D00F0848E /* Frameworks */ = {
			isa = PBXFrameworksBuildPhase;
			buildActionMask = 2147483647;
			files = (
				668C94C418EA9FDA0073D1A4 /* libsqlite3.dylib in Frameworks */,
				663CE51618E988D900418F29 /* MapKit.framework in Frameworks */,
				66908ED418E700CC00F0848E /* SystemConfiguration.framework in Frameworks */,
				66908ED218E700BB00F0848E /* OpenGLES.framework in Frameworks */,
				66908ED018E700A600F0848E /* libicucore.dylib in Frameworks */,
				66908ECE18E7009800F0848E /* libc++.dylib in Frameworks */,
				66908ECC18E7008400F0848E /* ImageIO.framework in Frameworks */,
				66908ECA18E7007A00F0848E /* GLKit.framework in Frameworks */,
				66908EC818E7007000F0848E /* CoreText.framework in Frameworks */,
				66908EC618E7006600F0848E /* CoreData.framework in Frameworks */,
				66908EC418E7005100F0848E /* AVFoundation.framework in Frameworks */,
				66908EBE18E66B5300F0848E /* libz.dylib in Frameworks */,
				66908DAC18E65E1000F0848E /* FacebookSDK.framework in Frameworks */,
				66908DA918E65CE200F0848E /* CoreGraphics.framework in Frameworks */,
				66908DA818E65CC500F0848E /* CoreLocation.framework in Frameworks */,
				66908EC218E7002000F0848E /* GoogleMaps.framework in Frameworks */,
				66908DA718E65CBF00F0848E /* QuartzCore.framework in Frameworks */,
			);
			runOnlyForDeploymentPostprocessing = 0;
		};
/* End PBXFrameworksBuildPhase section */

/* Begin PBXGroup section */
		6607380518E18491003EA07C = {
			isa = PBXGroup;
			children = (
				6607381718E18491003EA07C /* ssg-ios */,
				6607383618E18492003EA07C /* ssg-iosTests */,
				6607381018E18491003EA07C /* Frameworks */,
				6607380F18E18491003EA07C /* Products */,
			);
			sourceTree = "<group>";
		};
		6607380F18E18491003EA07C /* Products */ = {
			isa = PBXGroup;
			children = (
				6607380E18E18491003EA07C /* ssg-ios.app */,
				6607382F18E18492003EA07C /* ssg-iosTests.xctest */,
			);
			name = Products;
			sourceTree = "<group>";
		};
		6607381018E18491003EA07C /* Frameworks */ = {
			isa = PBXGroup;
			children = (
				668C94C318EA9FDA0073D1A4 /* libsqlite3.dylib */,
				663CE51518E988D900418F29 /* MapKit.framework */,
				66908ED718E7042F00F0848E /* GoogleMaps.bundle */,
				66908ED318E700CC00F0848E /* SystemConfiguration.framework */,
				66908ED118E700BB00F0848E /* OpenGLES.framework */,
				66908ECF18E700A600F0848E /* libicucore.dylib */,
				66908ECD18E7009800F0848E /* libc++.dylib */,
				66908ECB18E7008400F0848E /* ImageIO.framework */,
				66908EC918E7007A00F0848E /* GLKit.framework */,
				66908EC718E7007000F0848E /* CoreText.framework */,
				66908EC518E7006600F0848E /* CoreData.framework */,
				66908EC318E7005100F0848E /* AVFoundation.framework */,
				66908EC118E7002000F0848E /* GoogleMaps.framework */,
				66908EBD18E66B5300F0848E /* libz.dylib */,
				66908D8F18E6591A00F0848E /* QuartzCore.framework */,
				66908D8D18E6590900F0848E /* CoreLocation.framework */,
				6607384618E18772003EA07C /* FacebookSDK.framework */,
				6607381118E18491003EA07C /* Foundation.framework */,
				6607381318E18491003EA07C /* CoreGraphics.framework */,
				6607381518E18491003EA07C /* UIKit.framework */,
				6607383018E18492003EA07C /* XCTest.framework */,
			);
			name = Frameworks;
			sourceTree = "<group>";
		};
		6607381718E18491003EA07C /* ssg-ios */ = {
			isa = PBXGroup;
			children = (
				666B6F2718EC96220055F9EE /* Cells */,
				663931E218EC3DE70072513A /* API */,
				66F70A9D18EBEF390034B7C1 /* Subclass */,
				6630EA8B18EB4890009368B5 /* Resources */,
				66DC89D918EAFC7A001EA678 /* CoreDataHelper */,
				663CE51718E98B4200418F29 /* MapOverlay */,
				664F2E3218E749FF00B8083F /* Model */,
				6607382018E18491003EA07C /* AppDelegate.h */,
				6607384818E1903A003EA07C /* Controllers */,
				6607382118E18491003EA07C /* AppDelegate.m */,
				6607382318E18491003EA07C /* Main.storyboard */,
				6607382918E18491003EA07C /* Images.xcassets */,
				6607381818E18491003EA07C /* Supporting Files */,
				664F2E3618E74D4100B8083F /* CoreDataModel.xcdatamodeld */,
			);
			path = "ssg-ios";
			sourceTree = "<group>";
		};
		6607381818E18491003EA07C /* Supporting Files */ = {
			isa = PBXGroup;
			children = (
				6607381918E18491003EA07C /* ssg-ios-Info.plist */,
				6607381A18E18491003EA07C /* InfoPlist.strings */,
				6607381D18E18491003EA07C /* main.m */,
				6607381F18E18491003EA07C /* ssg-ios-Prefix.pch */,
			);
			name = "Supporting Files";
			sourceTree = "<group>";
		};
		6607383618E18492003EA07C /* ssg-iosTests */ = {
			isa = PBXGroup;
			children = (
				6607383C18E18492003EA07C /* ssg_iosTests.m */,
				6607383718E18492003EA07C /* Supporting Files */,
			);
			path = "ssg-iosTests";
			sourceTree = "<group>";
		};
		6607383718E18492003EA07C /* Supporting Files */ = {
			isa = PBXGroup;
			children = (
				6607383818E18492003EA07C /* ssg-iosTests-Info.plist */,
				6607383918E18492003EA07C /* InfoPlist.strings */,
			);
			name = "Supporting Files";
			sourceTree = "<group>";
		};
		6607384818E1903A003EA07C /* Controllers */ = {
			isa = PBXGroup;
			children = (
				6607384918E190C9003EA07C /* LoginViewController.h */,
				6607384A18E190C9003EA07C /* LoginViewController.m */,
				6607384C18E1949C003EA07C /* MainViewController.h */,
				6607384D18E1949C003EA07C /* MainViewController.m */,
				6618299B18E4CC1A0088AB34 /* SignUpEmailViewController.h */,
				6618299C18E4CC1A0088AB34 /* SignUpEmailViewController.m */,
				6618299E18E4D40F0088AB34 /* DescriptionViewController.h */,
				6618299F18E4D40F0088AB34 /* DescriptionViewController.m */,
				66C4945B18E4E0A0009DFDFC /* CameraViewController.h */,
				66C4945C18E4E0A0009DFDFC /* CameraViewController.m */,
				664802D018E50FAE007B23EB /* SettingsViewController.h */,
				664802D118E50FAE007B23EB /* SettingsViewController.m */,
				664802D318E51166007B23EB /* MapViewController.h */,
				664802D418E51166007B23EB /* MapViewController.m */,
				664802D818E5174D007B23EB /* ShareViewController.h */,
				664802D918E5174D007B23EB /* ShareViewController.m */,
				66C9BA8D18E5CD0500C4D747 /* CategoryViewController.h */,
				66C9BA8E18E5CD0500C4D747 /* CategoryViewController.m */,
				66F4BF4B18ECA4410090D776 /* CitiesViewController.h */,
				66F4BF4C18ECA4410090D776 /* CitiesViewController.m */,
				66F4BF4E18ECA5AB0090D776 /* TableViewControllerTest.h */,
				66F4BF4F18ECA5AB0090D776 /* TableViewControllerTest.m */,
			);
			name = Controllers;
			sourceTree = "<group>";
		};
		6630EA8B18EB4890009368B5 /* Resources */ = {
			isa = PBXGroup;
			children = (
				6630EA8C18EB489A009368B5 /* Fonts */,
			);
			name = Resources;
			sourceTree = "<group>";
		};
		6630EA8C18EB489A009368B5 /* Fonts */ = {
			isa = PBXGroup;
			children = (
				66F70A9B18EB53410034B7C1 /* FuturaStd-Light.otf */,
				66F70A9918EB53270034B7C1 /* FuturaStd-Heavy.otf */,
			);
			name = Fonts;
			sourceTree = "<group>";
		};
		663931E218EC3DE70072513A /* API */ = {
			isa = PBXGroup;
			children = (
				6667C87B18EC3F0700F84CBF /* Builder */,
				6667C87F18EC402000F84CBF /* SsgCommunicatorDelegate.h */,
				6667C88018EC410000F84CBF /* SsgCommunicator.h */,
				6667C88118EC410000F84CBF /* SsgCommunicator.m */,
				66F4BF5118ECA9E20090D776 /* Endpoints.h */,
				66F4BF5218ECA9E20090D776 /* Endpoints.m */,
			);
			name = API;
			sourceTree = "<group>";
		};
		663CE51718E98B4200418F29 /* MapOverlay */ = {
			isa = PBXGroup;
			children = (
				663CE51818E98BD400418F29 /* TileOverlay.h */,
				663CE51918E98BD400418F29 /* TileOverlay.m */,
				663CE51A18E98BD400418F29 /* TileOverlayView.h */,
				663CE51B18E98BD400418F29 /* TileOverlayView.m */,
			);
			name = MapOverlay;
			sourceTree = "<group>";
		};
		664F2E3218E749FF00B8083F /* Model */ = {
			isa = PBXGroup;
			children = (
				663931DF18EC3C620072513A /* City.h */,
				663931E018EC3C620072513A /* City.m */,
				663931DC18EC3C620072513A /* Issue.h */,
				663931DD18EC3C620072513A /* Issue.m */,
				663931D918EC3C620072513A /* Categories.h */,
				663931DA18EC3C620072513A /* Categories.m */,
				663931D618EC3C610072513A /* User.h */,
				663931D718EC3C610072513A /* User.m */,
				664F2E3318E74B9700B8083F /* SyncData.h */,
				664F2E3418E74B9700B8083F /* SyncData.m */,
			);
			name = Model;
			sourceTree = "<group>";
		};
		6667C87B18EC3F0700F84CBF /* Builder */ = {
			isa = PBXGroup;
			children = (
				6667C88918EC442B00F84CBF /* Builder.h */,
				6667C88A18EC442B00F84CBF /* Builder.m */,
				6667C88318EC436C00F84CBF /* CitiesBuilder.h */,
				6667C88418EC436C00F84CBF /* CitiesBuilder.m */,
				6667C88618EC437800F84CBF /* CategoriesBuilder.h */,
				6667C88718EC437800F84CBF /* CategoriesBuilder.m */,
			);
			name = Builder;
			sourceTree = "<group>";
		};
		666B6F2718EC96220055F9EE /* Cells */ = {
			isa = PBXGroup;
			children = (
				663DF8F418EC9A13009452B0 /* CitiesTableViewCell.h */,
				663DF8F518EC9A13009452B0 /* CitiesTableViewCell.m */,
			);
			name = Cells;
			sourceTree = "<group>";
		};
		66DC89D918EAFC7A001EA678 /* CoreDataHelper */ = {
			isa = PBXGroup;
			children = (
			);
			name = CoreDataHelper;
			sourceTree = "<group>";
		};
		66F70A9D18EBEF390034B7C1 /* Subclass */ = {
			isa = PBXGroup;
			children = (
				66F70A9E18EBEF660034B7C1 /* CustomTextField.h */,
				66F70A9F18EBEF660034B7C1 /* CustomTextField.m */,
			);
			name = Subclass;
			sourceTree = "<group>";
		};
/* End PBXGroup section */

/* Begin PBXNativeTarget section */
		6607380D18E18491003EA07C /* ssg-ios */ = {
			isa = PBXNativeTarget;
			buildConfigurationList = 6607384018E18492003EA07C /* Build configuration list for PBXNativeTarget "ssg-ios" */;
			buildPhases = (
				6607380A18E18491003EA07C /* Sources */,
				6607380C18E18491003EA07C /* Resources */,
				66908D9518E65B7D00F0848E /* Frameworks */,
			);
			buildRules = (
			);
			dependencies = (
			);
			name = "ssg-ios";
			productName = "ssg-ios";
			productReference = 6607380E18E18491003EA07C /* ssg-ios.app */;
			productType = "com.apple.product-type.application";
		};
		6607382E18E18492003EA07C /* ssg-iosTests */ = {
			isa = PBXNativeTarget;
			buildConfigurationList = 6607384318E18492003EA07C /* Build configuration list for PBXNativeTarget "ssg-iosTests" */;
			buildPhases = (
				6607382B18E18492003EA07C /* Sources */,
				6607382C18E18492003EA07C /* Frameworks */,
				6607382D18E18492003EA07C /* Resources */,
			);
			buildRules = (
			);
			dependencies = (
				6607383518E18492003EA07C /* PBXTargetDependency */,
			);
			name = "ssg-iosTests";
			productName = "ssg-iosTests";
			productReference = 6607382F18E18492003EA07C /* ssg-iosTests.xctest */;
			productType = "com.apple.product-type.bundle.unit-test";
		};
/* End PBXNativeTarget section */

/* Begin PBXProject section */
		6607380618E18491003EA07C /* Project object */ = {
			isa = PBXProject;
			attributes = {
				LastUpgradeCheck = 0510;
				ORGANIZATIONNAME = SSG;
				TargetAttributes = {
					6607382E18E18492003EA07C = {
						TestTargetID = 6607380D18E18491003EA07C;
					};
				};
			};
			buildConfigurationList = 6607380918E18491003EA07C /* Build configuration list for PBXProject "ssg-ios" */;
			compatibilityVersion = "Xcode 3.2";
			developmentRegion = English;
			hasScannedForEncodings = 0;
			knownRegions = (
				en,
				Base,
			);
			mainGroup = 6607380518E18491003EA07C;
			productRefGroup = 6607380F18E18491003EA07C /* Products */;
			projectDirPath = "";
			projectRoot = "";
			targets = (
				6607380D18E18491003EA07C /* ssg-ios */,
				6607382E18E18492003EA07C /* ssg-iosTests */,
			);
		};
/* End PBXProject section */

/* Begin PBXResourcesBuildPhase section */
		6607380C18E18491003EA07C /* Resources */ = {
			isa = PBXResourcesBuildPhase;
			buildActionMask = 2147483647;
			files = (
				66F70A9A18EB53270034B7C1 /* FuturaStd-Heavy.otf in Resources */,
				6607382A18E18491003EA07C /* Images.xcassets in Resources */,
				6607381C18E18491003EA07C /* InfoPlist.strings in Resources */,
				66F70A9C18EB53410034B7C1 /* FuturaStd-Light.otf in Resources */,
				6607382518E18491003EA07C /* Main.storyboard in Resources */,
				66908ED818E7042F00F0848E /* GoogleMaps.bundle in Resources */,
			);
			runOnlyForDeploymentPostprocessing = 0;
		};
		6607382D18E18492003EA07C /* Resources */ = {
			isa = PBXResourcesBuildPhase;
			buildActionMask = 2147483647;
			files = (
				6607383B18E18492003EA07C /* InfoPlist.strings in Resources */,
			);
			runOnlyForDeploymentPostprocessing = 0;
		};
/* End PBXResourcesBuildPhase section */

/* Begin PBXSourcesBuildPhase section */
		6607380A18E18491003EA07C /* Sources */ = {
			isa = PBXSourcesBuildPhase;
			buildActionMask = 2147483647;
			files = (
				664F2E3518E74B9700B8083F /* SyncData.m in Sources */,
				66F4BF4D18ECA4410090D776 /* CitiesViewController.m in Sources */,
				66908DAD18E65E8F00F0848E /* main.m in Sources */,
				66908D9D18E65C2800F0848E /* LoginViewController.m in Sources */,
				6667C88B18EC442B00F84CBF /* Builder.m in Sources */,
				664F2E3818E74D4100B8083F /* CoreDataModel.xcdatamodeld in Sources */,
				66F4BF5018ECA5AB0090D776 /* TableViewControllerTest.m in Sources */,
				663931D818EC3C610072513A /* User.m in Sources */,
				6667C88818EC437800F84CBF /* CategoriesBuilder.m in Sources */,
				66908D9E18E65C2800F0848E /* MainViewController.m in Sources */,
				66908D9F18E65C2800F0848E /* SignUpEmailViewController.m in Sources */,
				663931DE18EC3C620072513A /* Issue.m in Sources */,
				66908DA018E65C2800F0848E /* DescriptionViewController.m in Sources */,
				663CE51C18E98BD400418F29 /* TileOverlay.m in Sources */,
				663931E118EC3C620072513A /* City.m in Sources */,
				66908DA118E65C2800F0848E /* CameraViewController.m in Sources */,
				66908DA218E65C2800F0848E /* SettingsViewController.m in Sources */,
				66908DA318E65C2800F0848E /* MapViewController.m in Sources */,
				6667C88218EC410000F84CBF /* SsgCommunicator.m in Sources */,
				66908DA418E65C2800F0848E /* ShareViewController.m in Sources */,
				663931DB18EC3C620072513A /* Categories.m in Sources */,
				66908DA518E65C2800F0848E /* CategoryViewController.m in Sources */,
				66F4BF5318ECA9E20090D776 /* Endpoints.m in Sources */,
				6667C88518EC436C00F84CBF /* CitiesBuilder.m in Sources */,
				663DF8F618EC9A13009452B0 /* CitiesTableViewCell.m in Sources */,
				66908DA618E65C2800F0848E /* AppDelegate.m in Sources */,
				66F70AA018EBEF660034B7C1 /* CustomTextField.m in Sources */,
				663CE51D18E98BD400418F29 /* TileOverlayView.m in Sources */,
			);
			runOnlyForDeploymentPostprocessing = 0;
		};
		6607382B18E18492003EA07C /* Sources */ = {
			isa = PBXSourcesBuildPhase;
			buildActionMask = 2147483647;
			files = (
				6607383D18E18492003EA07C /* ssg_iosTests.m in Sources */,
			);
			runOnlyForDeploymentPostprocessing = 0;
		};
/* End PBXSourcesBuildPhase section */

/* Begin PBXTargetDependency section */
		6607383518E18492003EA07C /* PBXTargetDependency */ = {
			isa = PBXTargetDependency;
			target = 6607380D18E18491003EA07C /* ssg-ios */;
			targetProxy = 6607383418E18492003EA07C /* PBXContainerItemProxy */;
		};
/* End PBXTargetDependency section */

/* Begin PBXVariantGroup section */
		6607381A18E18491003EA07C /* InfoPlist.strings */ = {
			isa = PBXVariantGroup;
			children = (
				6607381B18E18491003EA07C /* en */,
			);
			name = InfoPlist.strings;
			sourceTree = "<group>";
		};
		6607382318E18491003EA07C /* Main.storyboard */ = {
			isa = PBXVariantGroup;
			children = (
				6607382418E18491003EA07C /* Base */,
			);
			name = Main.storyboard;
			sourceTree = "<group>";
		};
		6607383918E18492003EA07C /* InfoPlist.strings */ = {
			isa = PBXVariantGroup;
			children = (
				6607383A18E18492003EA07C /* en */,
			);
			name = InfoPlist.strings;
			sourceTree = "<group>";
		};
/* End PBXVariantGroup section */

/* Begin XCBuildConfiguration section */
		6607383E18E18492003EA07C /* Debug */ = {
			isa = XCBuildConfiguration;
			buildSettings = {
				ALWAYS_SEARCH_USER_PATHS = NO;
				CLANG_CXX_LANGUAGE_STANDARD = "gnu++0x";
				CLANG_CXX_LIBRARY = "libc++";
				CLANG_ENABLE_MODULES = YES;
				CLANG_ENABLE_OBJC_ARC = YES;
				CLANG_WARN_BOOL_CONVERSION = YES;
				CLANG_WARN_CONSTANT_CONVERSION = YES;
				CLANG_WARN_DIRECT_OBJC_ISA_USAGE = YES_ERROR;
				CLANG_WARN_EMPTY_BODY = YES;
				CLANG_WARN_ENUM_CONVERSION = YES;
				CLANG_WARN_INT_CONVERSION = YES;
				CLANG_WARN_OBJC_ROOT_CLASS = YES_ERROR;
				CLANG_WARN__DUPLICATE_METHOD_MATCH = YES;
				"CODE_SIGN_IDENTITY[sdk=iphoneos*]" = "iPhone Developer";
				COPY_PHASE_STRIP = NO;
				GCC_C_LANGUAGE_STANDARD = gnu99;
				GCC_DYNAMIC_NO_PIC = NO;
				GCC_OPTIMIZATION_LEVEL = 0;
				GCC_PREPROCESSOR_DEFINITIONS = (
					"DEBUG=1",
					"$(inherited)",
				);
				GCC_SYMBOLS_PRIVATE_EXTERN = NO;
				GCC_WARN_64_TO_32_BIT_CONVERSION = YES;
				GCC_WARN_ABOUT_RETURN_TYPE = YES_ERROR;
				GCC_WARN_UNDECLARED_SELECTOR = YES;
				GCC_WARN_UNINITIALIZED_AUTOS = YES_AGGRESSIVE;
				GCC_WARN_UNUSED_FUNCTION = YES;
				GCC_WARN_UNUSED_VARIABLE = YES;
				IPHONEOS_DEPLOYMENT_TARGET = 7.1;
				ONLY_ACTIVE_ARCH = YES;
				SDKROOT = iphoneos;
			};
			name = Debug;
		};
		6607383F18E18492003EA07C /* Release */ = {
			isa = XCBuildConfiguration;
			buildSettings = {
				ALWAYS_SEARCH_USER_PATHS = NO;
				CLANG_CXX_LANGUAGE_STANDARD = "gnu++0x";
				CLANG_CXX_LIBRARY = "libc++";
				CLANG_ENABLE_MODULES = YES;
				CLANG_ENABLE_OBJC_ARC = YES;
				CLANG_WARN_BOOL_CONVERSION = YES;
				CLANG_WARN_CONSTANT_CONVERSION = YES;
				CLANG_WARN_DIRECT_OBJC_ISA_USAGE = YES_ERROR;
				CLANG_WARN_EMPTY_BODY = YES;
				CLANG_WARN_ENUM_CONVERSION = YES;
				CLANG_WARN_INT_CONVERSION = YES;
				CLANG_WARN_OBJC_ROOT_CLASS = YES_ERROR;
				CLANG_WARN__DUPLICATE_METHOD_MATCH = YES;
				"CODE_SIGN_IDENTITY[sdk=iphoneos*]" = "iPhone Developer";
				COPY_PHASE_STRIP = YES;
				ENABLE_NS_ASSERTIONS = NO;
				GCC_C_LANGUAGE_STANDARD = gnu99;
				GCC_WARN_64_TO_32_BIT_CONVERSION = YES;
				GCC_WARN_ABOUT_RETURN_TYPE = YES_ERROR;
				GCC_WARN_UNDECLARED_SELECTOR = YES;
				GCC_WARN_UNINITIALIZED_AUTOS = YES_AGGRESSIVE;
				GCC_WARN_UNUSED_FUNCTION = YES;
				GCC_WARN_UNUSED_VARIABLE = YES;
				IPHONEOS_DEPLOYMENT_TARGET = 7.1;
				SDKROOT = iphoneos;
				VALIDATE_PRODUCT = YES;
			};
			name = Release;
		};
		6607384118E18492003EA07C /* Debug */ = {
			isa = XCBuildConfiguration;
			buildSettings = {
				ASSETCATALOG_COMPILER_APPICON_NAME = AppIcon;
				ASSETCATALOG_COMPILER_LAUNCHIMAGE_NAME = LaunchImage;
				FRAMEWORK_SEARCH_PATHS = (
					"$(inherited)",
					"$(PROJECT_DIR)",
					"$(DEVELOPER_FRAMEWORKS_DIR)",
				);
				GCC_PRECOMPILE_PREFIX_HEADER = YES;
				GCC_PREFIX_HEADER = "ssg-ios/ssg-ios-Prefix.pch";
				HEADER_SEARCH_PATHS = (
					"$(inherited)",
					/Applications/Xcode.app/Contents/Developer/Toolchains/XcodeDefault.xctoolchain/usr/include,
				);
				INFOPLIST_FILE = "ssg-ios/ssg-ios-Info.plist";
				LIBRARY_SEARCH_PATHS = (
					"$(inherited)",
					"$(PROJECT_DIR)",
					/Users/haris/Downloads,
					"$(SDKROOT)$(SYSTEM_LIBRARY_DIR)/Frameworks",
				);
				OTHER_LDFLAGS = (
					"-all_load",
					"-ObjC",
				);
				PRODUCT_NAME = "$(TARGET_NAME)";
				WRAPPER_EXTENSION = app;
			};
			name = Debug;
		};
		6607384218E18492003EA07C /* Release */ = {
			isa = XCBuildConfiguration;
			buildSettings = {
				ASSETCATALOG_COMPILER_APPICON_NAME = AppIcon;
				ASSETCATALOG_COMPILER_LAUNCHIMAGE_NAME = LaunchImage;
				FRAMEWORK_SEARCH_PATHS = (
					"$(inherited)",
					"$(PROJECT_DIR)",
					"$(DEVELOPER_FRAMEWORKS_DIR)",
				);
				GCC_PRECOMPILE_PREFIX_HEADER = YES;
				GCC_PREFIX_HEADER = "ssg-ios/ssg-ios-Prefix.pch";
				HEADER_SEARCH_PATHS = (
					"$(inherited)",
					/Applications/Xcode.app/Contents/Developer/Toolchains/XcodeDefault.xctoolchain/usr/include,
				);
				INFOPLIST_FILE = "ssg-ios/ssg-ios-Info.plist";
				LIBRARY_SEARCH_PATHS = (
					"$(inherited)",
					"$(PROJECT_DIR)",
					/Users/haris/Downloads,
					"$(SDKROOT)$(SYSTEM_LIBRARY_DIR)/Frameworks",
				);
				OTHER_LDFLAGS = (
					"-all_load",
					"-ObjC",
				);
				PRODUCT_NAME = "$(TARGET_NAME)";
				WRAPPER_EXTENSION = app;
			};
			name = Release;
		};
		6607384418E18492003EA07C /* Debug */ = {
			isa = XCBuildConfiguration;
			buildSettings = {
				BUNDLE_LOADER = "$(BUILT_PRODUCTS_DIR)/ssg-ios.app/ssg-ios";
				FRAMEWORK_SEARCH_PATHS = (
					"$(SDKROOT)/Developer/Library/Frameworks",
					"$(inherited)",
					"$(DEVELOPER_FRAMEWORKS_DIR)",
				);
				GCC_PRECOMPILE_PREFIX_HEADER = YES;
				GCC_PREFIX_HEADER = "ssg-ios/ssg-ios-Prefix.pch";
				GCC_PREPROCESSOR_DEFINITIONS = (
					"DEBUG=1",
					"$(inherited)",
				);
				INFOPLIST_FILE = "ssg-iosTests/ssg-iosTests-Info.plist";
				PRODUCT_NAME = "$(TARGET_NAME)";
				TEST_HOST = "$(BUNDLE_LOADER)";
				WRAPPER_EXTENSION = xctest;
			};
			name = Debug;
		};
		6607384518E18492003EA07C /* Release */ = {
			isa = XCBuildConfiguration;
			buildSettings = {
				BUNDLE_LOADER = "$(BUILT_PRODUCTS_DIR)/ssg-ios.app/ssg-ios";
				FRAMEWORK_SEARCH_PATHS = (
					"$(SDKROOT)/Developer/Library/Frameworks",
					"$(inherited)",
					"$(DEVELOPER_FRAMEWORKS_DIR)",
				);
				GCC_PRECOMPILE_PREFIX_HEADER = YES;
				GCC_PREFIX_HEADER = "ssg-ios/ssg-ios-Prefix.pch";
				INFOPLIST_FILE = "ssg-iosTests/ssg-iosTests-Info.plist";
				PRODUCT_NAME = "$(TARGET_NAME)";
				TEST_HOST = "$(BUNDLE_LOADER)";
				WRAPPER_EXTENSION = xctest;
			};
			name = Release;
		};
/* End XCBuildConfiguration section */

/* Begin XCConfigurationList section */
		6607380918E18491003EA07C /* Build configuration list for PBXProject "ssg-ios" */ = {
			isa = XCConfigurationList;
			buildConfigurations = (
				6607383E18E18492003EA07C /* Debug */,
				6607383F18E18492003EA07C /* Release */,
			);
			defaultConfigurationIsVisible = 0;
			defaultConfigurationName = Release;
		};
		6607384018E18492003EA07C /* Build configuration list for PBXNativeTarget "ssg-ios" */ = {
			isa = XCConfigurationList;
			buildConfigurations = (
				6607384118E18492003EA07C /* Debug */,
				6607384218E18492003EA07C /* Release */,
			);
			defaultConfigurationIsVisible = 0;
			defaultConfigurationName = Release;
		};
		6607384318E18492003EA07C /* Build configuration list for PBXNativeTarget "ssg-iosTests" */ = {
			isa = XCConfigurationList;
			buildConfigurations = (
				6607384418E18492003EA07C /* Debug */,
				6607384518E18492003EA07C /* Release */,
			);
			defaultConfigurationIsVisible = 0;
			defaultConfigurationName = Release;
		};
/* End XCConfigurationList section */

/* Begin XCVersionGroup section */
		664F2E3618E74D4100B8083F /* CoreDataModel.xcdatamodeld */ = {
			isa = XCVersionGroup;
			children = (
				664F2E3718E74D4100B8083F /* CoreDataModel.xcdatamodel */,
			);
			currentVersion = 664F2E3718E74D4100B8083F /* CoreDataModel.xcdatamodel */;
			path = CoreDataModel.xcdatamodeld;
			sourceTree = "<group>";
			versionGroupType = wrapper.xcdatamodel;
		};
/* End XCVersionGroup section */
	};
	rootObject = 6607380618E18491003EA07C /* Project object */;
}
